{
  "originHash" : "4a9a3a423ca1d80e8fb5998ac621a96fc4bae8203548e7e4b32730d54da08d85",
  "pins" : [
    {
      "identity" : "pocketsvg",
      "kind" : "remoteSourceControl",
      "location" : "https://github.com/pocketsvg/PocketSVG",
      "state" : {
        "revision" : "10c6885e427e88d35fbb64010fbd6385cb58fef7",
        "version" : "2.7.3"
      }
    },
    {
      "identity" : "swiftplot",
      "kind" : "remoteSourceControl",
      "location" : "https://github.com/KarthikRIyer/swiftplot",
      "state" : {
        "revision" : "c5424eb8688217029d44e941d3a1d2ccc18c3a82",
        "version" : "2.0.0"
      }
    }
  ],
  "version" : 3
}
