{
  "originHash" : "c64588428bb98562154b59216ec2098b8f3811ccd22c22f057efc94c9a014046",
  "pins" : [
    {
      "identity" : "pocketsvg",
      "kind" : "remoteSourceControl",
      "location" : "https://github.com/pocketsvg/PocketSVG",
      "state" : {
        "revision" : "890a94e60c59cdf055b4d549dd246f60c6b25b5e",
        "version" : "2.8.0"
      }
    },
    {
      "identity" : "sentry-cocoa",
      "kind" : "remoteSourceControl",
      "location" : "https://github.com/getsentry/sentry-cocoa.git",
      "state" : {
        "revision" : "0c34e4da899a1dd9183db04082d1ceb6e9c2b301",
        "version" : "8.44.0"
      }
    },
    {
      "identity" : "swiftplot",
      "kind" : "remoteSourceControl",
      "location" : "https://github.com/KarthikRIyer/swiftplot",
      "state" : {
        "revision" : "c5424eb8688217029d44e941d3a1d2ccc18c3a82",
        "version" : "2.0.0"
      }
    }
  ],
  "version" : 3
}
