{
  "originHash" : "0b22ff1571edfe772db25db30155c060d1c77f894d355822aa5f895f5e22da4f",
  "pins" : [
    {
      "identity" : "pocketsvg",
      "kind" : "remoteSourceControl",
      "location" : "https://github.com/pocketsvg/PocketSVG",
      "state" : {
        "revision" : "10c6885e427e88d35fbb64010fbd6385cb58fef7",
        "version" : "2.7.3"
      }
    },
    {
      "identity" : "swiftplot",
      "kind" : "remoteSourceControl",
      "location" : "https://github.com/KarthikRIyer/swiftplot",
      "state" : {
        "revision" : "c5424eb8688217029d44e941d3a1d2ccc18c3a82",
        "version" : "2.0.0"
      }
    }
  ],
  "version" : 3
}
