// !$*UTF8*$!
{
	archiveVersion = 1;
	classes = {
	};
	objectVersion = 56;
	objects = {

/* Begin PBXBuildFile section */
		E12CCD8B2CF8235F0059931D /* BTC_SimulatorApp.swift in Sources */ = {isa = PBXBuildFile; fileRef = E12CCD8A2CF8235F0059931D /* BTC_SimulatorApp.swift */; };
		E12CCD8F2CF823610059931D /* Assets.xcassets in Resources */ = {isa = PBXBuildFile; fileRef = E12CCD8E2CF823610059931D /* Assets.xcassets */; };
		E12CCD922CF823610059931D /* Preview Assets.xcassets in Resources */ = {isa = PBXBuildFile; fileRef = E12CCD912CF823610059931D /* Preview Assets.xcassets */; };
		E14D23F52D37425D007CC11A /* SimulationSummaryCardView.swift in Sources */ = {isa = PBXBuildFile; fileRef = E14D23F42D374258007CC11A /* SimulationSummaryCardView.swift */; };
		E14D23FA2D3A2260007CC11A /* S&P 500 Historical Data Monthly.csv in Resources */ = {isa = PBXBuildFile; fileRef = E14D23F82D3A2260007CC11A /* S&P 500 Historical Data Monthly.csv */; };
		E14D23FC2D3A2260007CC11A /* Bitcoin Historical Data Weekly.csv in Resources */ = {isa = PBXBuildFile; fileRef = E14D23F72D3A2260007CC11A /* Bitcoin Historical Data Weekly.csv */; };
		E14D23FD2D3A2260007CC11A /* S&P 500 Historical Data Weekly.csv in Resources */ = {isa = PBXBuildFile; fileRef = E14D23F92D3A2260007CC11A /* S&P 500 Historical Data Weekly.csv */; };
		E14D23FF2D3A251F007CC11A /* Bitcoin Historical Data Monthly.csv in Resources */ = {isa = PBXBuildFile; fileRef = E14D23FE2D3A251F007CC11A /* Bitcoin Historical Data Monthly.csv */; };
		E14D24092D3A677F007CC11A /* SettingsPrinter.swift in Sources */ = {isa = PBXBuildFile; fileRef = E14D24082D3A677D007CC11A /* SettingsPrinter.swift */; };
		E14D240B2D3A698A007CC11A /* SimulationSettingsInit.swift in Sources */ = {isa = PBXBuildFile; fileRef = E14D240A2D3A6988007CC11A /* SimulationSettingsInit.swift */; };
		E14D24112D3A9525007CC11A /* SimulationSettings+UnifiedFactors.swift in Sources */ = {isa = PBXBuildFile; fileRef = E14D24102D3A9524007CC11A /* SimulationSettings+UnifiedFactors.swift */; };
		E166A8AA2CF855B00003F518 /* CSVLoader.swift in Sources */ = {isa = PBXBuildFile; fileRef = E166A8A92CF855B00003F518 /* CSVLoader.swift */; };
		E166A8AC2CF855B60003F518 /* DoubleExtensions.swift in Sources */ = {isa = PBXBuildFile; fileRef = E166A8AB2CF855B60003F518 /* DoubleExtensions.swift */; };
		E166A8AE2CF855BF0003F518 /* MonteCarloSimulator.swift in Sources */ = {isa = PBXBuildFile; fileRef = E166A8AD2CF855BF0003F518 /* MonteCarloSimulator.swift */; };
		E166A8B02CF855C20003F518 /* SimulationData.swift in Sources */ = {isa = PBXBuildFile; fileRef = E166A8AF2CF855C20003F518 /* SimulationData.swift */; };
		E166A8B22CF85B2B0003F518 /* ContentView.swift in Sources */ = {isa = PBXBuildFile; fileRef = E166A8B12CF85B2B0003F518 /* ContentView.swift */; };
		E166A8B42CF8659D0003F518 /* BTC20YearProjection.csv in Resources */ = {isa = PBXBuildFile; fileRef = E166A8B32CF8659D0003F518 /* BTC20YearProjection.csv */; };
		E166A8B92CF955ED0003F518 /* ContentOffsetScrollView.swift in Sources */ = {isa = PBXBuildFile; fileRef = E166A8B82CF955E80003F518 /* ContentOffsetScrollView.swift */; };
		E17B2F222D26A9F300ECE087 /* SimulationCoordinator.swift in Sources */ = {isa = PBXBuildFile; fileRef = E17B2F212D26A9F000ECE087 /* SimulationCoordinator.swift */; };
		E17B2F282D27505300ECE087 /* LandscapePlaceholderView.swift in Sources */ = {isa = PBXBuildFile; fileRef = E17B2F272D27505100ECE087 /* LandscapePlaceholderView.swift */; };
		E17B2F802D2800D400ECE087 /* OrientationObserver.swift in Sources */ = {isa = PBXBuildFile; fileRef = E17B2F7F2D2800D100ECE087 /* OrientationObserver.swift */; };
		E17DDF9C2D1BD13E008700A8 /* PocketSVG in Frameworks */ = {isa = PBXBuildFile; productRef = E17DDF9B2D1BD13E008700A8 /* PocketSVG */; };
		E1883F382D1DD4C8007AA90B /* SettingsView.swift in Sources */ = {isa = PBXBuildFile; fileRef = E1883F372D1DD4C5007AA90B /* SettingsView.swift */; };
		E1883F3A2D1DD94F007AA90B /* SimulationSettings.swift in Sources */ = {isa = PBXBuildFile; fileRef = E1883F392D1DD94C007AA90B /* SimulationSettings.swift */; };
		E1883F3C2D1DDC78007AA90B /* ParametersFormView.swift in Sources */ = {isa = PBXBuildFile; fileRef = E1883F3B2D1DDC75007AA90B /* ParametersFormView.swift */; };
		E1883F3E2D1E0D7A007AA90B /* ActiveField.swift in Sources */ = {isa = PBXBuildFile; fileRef = E1883F3D2D1E0D75007AA90B /* ActiveField.swift */; };
		E1883F402D1E0DCB007AA90B /* InputManager.swift in Sources */ = {isa = PBXBuildFile; fileRef = E1883F3F2D1E0DC8007AA90B /* InputManager.swift */; };
		E1883F422D1E43DB007AA90B /* VisualEffectBlur.swift in Sources */ = {isa = PBXBuildFile; fileRef = E1883F412D1E43D7007AA90B /* VisualEffectBlur.swift */; };
		E1883F442D1E69B9007AA90B /* FactorToggleRow.swift in Sources */ = {isa = PBXBuildFile; fileRef = E1883F432D1E69B5007AA90B /* FactorToggleRow.swift */; };
		E1883F482D1E8E21007AA90B /* AboutView.swift in Sources */ = {isa = PBXBuildFile; fileRef = E1883F472D1E8E1C007AA90B /* AboutView.swift */; };
		E1883F502D1FCEBD007AA90B /* OnboardingView.swift in Sources */ = {isa = PBXBuildFile; fileRef = E1883F4F2D1FCEB9007AA90B /* OnboardingView.swift */; };
		E1883F522D1FDDB2007AA90B /* BitcoinShapes.swift in Sources */ = {isa = PBXBuildFile; fileRef = E1883F512D1FDDB0007AA90B /* BitcoinShapes.swift */; };
		E18C2BE12D259248006E7438 /* ChartSnapshotView.swift in Sources */ = {isa = PBXBuildFile; fileRef = E18C2BE02D259245006E7438 /* ChartSnapshotView.swift */; };
		E191AD5D2D1B06E600020DBE /* BitcoinHistoricalData.swift in Sources */ = {isa = PBXBuildFile; fileRef = E191AD5C2D1B06E000020DBE /* BitcoinHistoricalData.swift */; };
		E191AD5F2D1B07BC00020DBE /* CSVLoaderHistorical.swift in Sources */ = {isa = PBXBuildFile; fileRef = E191AD5E2D1B07B800020DBE /* CSVLoaderHistorical.swift */; };
		E191AD632D1B0C9400020DBE /* CSVLoaderSP500.swift in Sources */ = {isa = PBXBuildFile; fileRef = E191AD622D1B0C9100020DBE /* CSVLoaderSP500.swift */; };
		E191AD652D1B0D5700020DBE /* CSVParsingUtilities.swift in Sources */ = {isa = PBXBuildFile; fileRef = E191AD642D1B0D5200020DBE /* CSVParsingUtilities.swift */; };
		E191AD672D1B764400020DBE /* CSVLoaderBTC.swift in Sources */ = {isa = PBXBuildFile; fileRef = E191AD662D1B763E00020DBE /* CSVLoaderBTC.swift */; };
		E19D10E72D3ED96200E3A55E /* GARCHHelper.swift in Sources */ = {isa = PBXBuildFile; fileRef = E19D10E62D3ED96000E3A55E /* GARCHHelper.swift */; };
		E19D10EB2D3EF69300E3A55E /* MempoolDataManager.swift in Sources */ = {isa = PBXBuildFile; fileRef = E19D10EA2D3EF69200E3A55E /* MempoolDataManager.swift */; };
		E19D10ED2D40279600E3A55E /* SimulationSettings+Defaults.swift in Sources */ = {isa = PBXBuildFile; fileRef = E19D10EC2D40279200E3A55E /* SimulationSettings+Defaults.swift */; };
		E19D10EF2D40290A00E3A55E /* SimulationSettings+RestoreDefaults.swift in Sources */ = {isa = PBXBuildFile; fileRef = E19D10EE2D40290800E3A55E /* SimulationSettings+RestoreDefaults.swift */; };
		E19D10F12D402BDC00E3A55E /* SimulationSettings+ToggleAll.swift in Sources */ = {isa = PBXBuildFile; fileRef = E19D10F02D402BD800E3A55E /* SimulationSettings+ToggleAll.swift */; };
		E19D10F32D4033D600E3A55E /* SimulationSettings+HashAndRun.swift in Sources */ = {isa = PBXBuildFile; fileRef = E19D10F22D4033D400E3A55E /* SimulationSettings+HashAndRun.swift */; };
		E19D10F52D40D10E00E3A55E /* SimulationSettings+BullishFactors.swift in Sources */ = {isa = PBXBuildFile; fileRef = E19D10F42D40D10C00E3A55E /* SimulationSettings+BullishFactors.swift */; };
		E19D10F72D40D8E100E3A55E /* SimulationSettings+BearishFactors.swift in Sources */ = {isa = PBXBuildFile; fileRef = E19D10F62D40D8C000E3A55E /* SimulationSettings+BearishFactors.swift */; };
		E19D10F92D40E66200E3A55E /* InMemorySettings.swift in Sources */ = {isa = PBXBuildFile; fileRef = E19D10F82D40E66100E3A55E /* InMemorySettings.swift */; };
		E1A1E51F2D2A7364008F7658 /* PortfolioChartView.swift in Sources */ = {isa = PBXBuildFile; fileRef = E1A1E51E2D2A7362008F7658 /* PortfolioChartView.swift */; };
		E1A1E5272D2E371D008F7658 /* TipsData.swift in Sources */ = {isa = PBXBuildFile; fileRef = E1A1E5262D2E371B008F7658 /* TipsData.swift */; };
		E1A1E5292D2E38FA008F7658 /* CheckboxToggleStyle.swift in Sources */ = {isa = PBXBuildFile; fileRef = E1A1E5282D2E38F9008F7658 /* CheckboxToggleStyle.swift */; };
		E1A1E52B2D2E3975008F7658 /* InteractiveBitcoinSymbol3DSpinner.swift in Sources */ = {isa = PBXBuildFile; fileRef = E1A1E52A2D2E3967008F7658 /* InteractiveBitcoinSymbol3DSpinner.swift */; };
		E1A1E52D2D2E39E4008F7658 /* SnapshotExtensions.swift in Sources */ = {isa = PBXBuildFile; fileRef = E1A1E52C2D2E39E3008F7658 /* SnapshotExtensions.swift */; };
		E1A1E52F2D2E3A40008F7658 /* RowOffsetHelpers.swift in Sources */ = {isa = PBXBuildFile; fileRef = E1A1E52E2D2E3A3E008F7658 /* RowOffsetHelpers.swift */; };
		E1C543B82D224D23005E416D /* MonteCarloResultsView.swift in Sources */ = {isa = PBXBuildFile; fileRef = E1C543B72D224D21005E416D /* MonteCarloResultsView.swift */; };
		E1C543BA2D2283A2005E416D /* YearlyPercentileData.swift in Sources */ = {isa = PBXBuildFile; fileRef = E1C543B92D22839F005E416D /* YearlyPercentileData.swift */; };
		E1CFF0272D30D07A00D9D044 /* ChartBuilders.swift in Sources */ = {isa = PBXBuildFile; fileRef = E1CFF0262D30D07800D9D044 /* ChartBuilders.swift */; };
/* End PBXBuildFile section */

/* Begin PBXFileReference section */
		E11B459A2CEE8D53006B0594 /* BTCMonteCarlo.app */ = {isa = PBXFileReference; explicitFileType = wrapper.application; includeInIndex = 0; path = BTCMonteCarlo.app; sourceTree = BUILT_PRODUCTS_DIR; };
		E12CCD882CF8235F0059931D /* BTC Simulator.app */ = {isa = PBXFileReference; explicitFileType = wrapper.application; includeInIndex = 0; path = "BTC Simulator.app"; sourceTree = BUILT_PRODUCTS_DIR; };
		E12CCD8A2CF8235F0059931D /* BTC_SimulatorApp.swift */ = {isa = PBXFileReference; lastKnownFileType = sourcecode.swift; path = BTC_SimulatorApp.swift; sourceTree = "<group>"; };
		E12CCD8E2CF823610059931D /* Assets.xcassets */ = {isa = PBXFileReference; lastKnownFileType = folder.assetcatalog; path = Assets.xcassets; sourceTree = "<group>"; };
		E12CCD912CF823610059931D /* Preview Assets.xcassets */ = {isa = PBXFileReference; lastKnownFileType = folder.assetcatalog; path = "Preview Assets.xcassets"; sourceTree = "<group>"; };
		E14D23F42D374258007CC11A /* SimulationSummaryCardView.swift */ = {isa = PBXFileReference; lastKnownFileType = sourcecode.swift; path = SimulationSummaryCardView.swift; sourceTree = "<group>"; };
		E14D23F72D3A2260007CC11A /* Bitcoin Historical Data Weekly.csv */ = {isa = PBXFileReference; lastKnownFileType = text; path = "Bitcoin Historical Data Weekly.csv"; sourceTree = "<group>"; };
		E14D23F82D3A2260007CC11A /* S&P 500 Historical Data Monthly.csv */ = {isa = PBXFileReference; lastKnownFileType = text; path = "S&P 500 Historical Data Monthly.csv"; sourceTree = "<group>"; };
		E14D23F92D3A2260007CC11A /* S&P 500 Historical Data Weekly.csv */ = {isa = PBXFileReference; lastKnownFileType = text; path = "S&P 500 Historical Data Weekly.csv"; sourceTree = "<group>"; };
		E14D23FE2D3A251F007CC11A /* Bitcoin Historical Data Monthly.csv */ = {isa = PBXFileReference; lastKnownFileType = text; path = "Bitcoin Historical Data Monthly.csv"; sourceTree = "<group>"; };
		E14D24082D3A677D007CC11A /* SettingsPrinter.swift */ = {isa = PBXFileReference; lastKnownFileType = sourcecode.swift; path = SettingsPrinter.swift; sourceTree = "<group>"; };
		E14D240A2D3A6988007CC11A /* SimulationSettingsInit.swift */ = {isa = PBXFileReference; lastKnownFileType = sourcecode.swift; path = SimulationSettingsInit.swift; sourceTree = "<group>"; };
		E14D24102D3A9524007CC11A /* SimulationSettings+UnifiedFactors.swift */ = {isa = PBXFileReference; lastKnownFileType = sourcecode.swift; path = "SimulationSettings+UnifiedFactors.swift"; sourceTree = "<group>"; };
		E166A8A92CF855B00003F518 /* CSVLoader.swift */ = {isa = PBXFileReference; lastKnownFileType = sourcecode.swift; path = CSVLoader.swift; sourceTree = "<group>"; };
		E166A8AB2CF855B60003F518 /* DoubleExtensions.swift */ = {isa = PBXFileReference; lastKnownFileType = sourcecode.swift; path = DoubleExtensions.swift; sourceTree = "<group>"; };
		E166A8AD2CF855BF0003F518 /* MonteCarloSimulator.swift */ = {isa = PBXFileReference; lastKnownFileType = sourcecode.swift; path = MonteCarloSimulator.swift; sourceTree = "<group>"; };
		E166A8AF2CF855C20003F518 /* SimulationData.swift */ = {isa = PBXFileReference; lastKnownFileType = sourcecode.swift; path = SimulationData.swift; sourceTree = "<group>"; };
		E166A8B12CF85B2B0003F518 /* ContentView.swift */ = {isa = PBXFileReference; lastKnownFileType = sourcecode.swift; path = ContentView.swift; sourceTree = "<group>"; };
		E166A8B32CF8659D0003F518 /* BTC20YearProjection.csv */ = {isa = PBXFileReference; lastKnownFileType = text; path = BTC20YearProjection.csv; sourceTree = "<group>"; };
		E166A8B52CF866910003F518 /* BTCMonteCarloSimulator.entitlements */ = {isa = PBXFileReference; lastKnownFileType = text.plist.entitlements; path = BTCMonteCarloSimulator.entitlements; sourceTree = "<group>"; };
		E166A8B82CF955E80003F518 /* ContentOffsetScrollView.swift */ = {isa = PBXFileReference; lastKnownFileType = sourcecode.swift; path = ContentOffsetScrollView.swift; sourceTree = "<group>"; };
		E17B2F212D26A9F000ECE087 /* SimulationCoordinator.swift */ = {isa = PBXFileReference; lastKnownFileType = sourcecode.swift; path = SimulationCoordinator.swift; sourceTree = "<group>"; };
		E17B2F272D27505100ECE087 /* LandscapePlaceholderView.swift */ = {isa = PBXFileReference; lastKnownFileType = sourcecode.swift; path = LandscapePlaceholderView.swift; sourceTree = "<group>"; };
		E17B2F7F2D2800D100ECE087 /* OrientationObserver.swift */ = {isa = PBXFileReference; lastKnownFileType = sourcecode.swift; path = OrientationObserver.swift; sourceTree = "<group>"; };
		E1883F372D1DD4C5007AA90B /* SettingsView.swift */ = {isa = PBXFileReference; lastKnownFileType = sourcecode.swift; path = SettingsView.swift; sourceTree = "<group>"; };
		E1883F392D1DD94C007AA90B /* SimulationSettings.swift */ = {isa = PBXFileReference; lastKnownFileType = sourcecode.swift; path = SimulationSettings.swift; sourceTree = "<group>"; };
		E1883F3B2D1DDC75007AA90B /* ParametersFormView.swift */ = {isa = PBXFileReference; lastKnownFileType = sourcecode.swift; path = ParametersFormView.swift; sourceTree = "<group>"; };
		E1883F3D2D1E0D75007AA90B /* ActiveField.swift */ = {isa = PBXFileReference; lastKnownFileType = sourcecode.swift; path = ActiveField.swift; sourceTree = "<group>"; };
		E1883F3F2D1E0DC8007AA90B /* InputManager.swift */ = {isa = PBXFileReference; lastKnownFileType = sourcecode.swift; path = InputManager.swift; sourceTree = "<group>"; };
		E1883F412D1E43D7007AA90B /* VisualEffectBlur.swift */ = {isa = PBXFileReference; lastKnownFileType = sourcecode.swift; path = VisualEffectBlur.swift; sourceTree = "<group>"; };
		E1883F432D1E69B5007AA90B /* FactorToggleRow.swift */ = {isa = PBXFileReference; lastKnownFileType = sourcecode.swift; path = FactorToggleRow.swift; sourceTree = "<group>"; };
		E1883F472D1E8E1C007AA90B /* AboutView.swift */ = {isa = PBXFileReference; lastKnownFileType = sourcecode.swift; path = AboutView.swift; sourceTree = "<group>"; };
		E1883F4F2D1FCEB9007AA90B /* OnboardingView.swift */ = {isa = PBXFileReference; lastKnownFileType = sourcecode.swift; path = OnboardingView.swift; sourceTree = "<group>"; };
		E1883F512D1FDDB0007AA90B /* BitcoinShapes.swift */ = {isa = PBXFileReference; lastKnownFileType = sourcecode.swift; path = BitcoinShapes.swift; sourceTree = "<group>"; };
		E18C2BE02D259245006E7438 /* ChartSnapshotView.swift */ = {isa = PBXFileReference; lastKnownFileType = sourcecode.swift; path = ChartSnapshotView.swift; sourceTree = "<group>"; };
		E191AD5C2D1B06E000020DBE /* BitcoinHistoricalData.swift */ = {isa = PBXFileReference; lastKnownFileType = sourcecode.swift; path = BitcoinHistoricalData.swift; sourceTree = "<group>"; };
		E191AD5E2D1B07B800020DBE /* CSVLoaderHistorical.swift */ = {isa = PBXFileReference; lastKnownFileType = sourcecode.swift; path = CSVLoaderHistorical.swift; sourceTree = "<group>"; };
		E191AD622D1B0C9100020DBE /* CSVLoaderSP500.swift */ = {isa = PBXFileReference; lastKnownFileType = sourcecode.swift; path = CSVLoaderSP500.swift; sourceTree = "<group>"; };
		E191AD642D1B0D5200020DBE /* CSVParsingUtilities.swift */ = {isa = PBXFileReference; lastKnownFileType = sourcecode.swift; path = CSVParsingUtilities.swift; sourceTree = "<group>"; };
		E191AD662D1B763E00020DBE /* CSVLoaderBTC.swift */ = {isa = PBXFileReference; lastKnownFileType = sourcecode.swift; path = CSVLoaderBTC.swift; sourceTree = "<group>"; };
		E19D10E62D3ED96000E3A55E /* GARCHHelper.swift */ = {isa = PBXFileReference; lastKnownFileType = sourcecode.swift; path = GARCHHelper.swift; sourceTree = "<group>"; };
		E19D10EA2D3EF69200E3A55E /* MempoolDataManager.swift */ = {isa = PBXFileReference; lastKnownFileType = sourcecode.swift; path = MempoolDataManager.swift; sourceTree = "<group>"; };
		E19D10EC2D40279200E3A55E /* SimulationSettings+Defaults.swift */ = {isa = PBXFileReference; lastKnownFileType = sourcecode.swift; path = "SimulationSettings+Defaults.swift"; sourceTree = "<group>"; };
		E19D10EE2D40290800E3A55E /* SimulationSettings+RestoreDefaults.swift */ = {isa = PBXFileReference; lastKnownFileType = sourcecode.swift; path = "SimulationSettings+RestoreDefaults.swift"; sourceTree = "<group>"; };
		E19D10F02D402BD800E3A55E /* SimulationSettings+ToggleAll.swift */ = {isa = PBXFileReference; lastKnownFileType = sourcecode.swift; path = "SimulationSettings+ToggleAll.swift"; sourceTree = "<group>"; };
		E19D10F22D4033D400E3A55E /* SimulationSettings+HashAndRun.swift */ = {isa = PBXFileReference; lastKnownFileType = sourcecode.swift; path = "SimulationSettings+HashAndRun.swift"; sourceTree = "<group>"; };
		E19D10F42D40D10C00E3A55E /* SimulationSettings+BullishFactors.swift */ = {isa = PBXFileReference; lastKnownFileType = sourcecode.swift; path = "SimulationSettings+BullishFactors.swift"; sourceTree = "<group>"; };
		E19D10F62D40D8C000E3A55E /* SimulationSettings+BearishFactors.swift */ = {isa = PBXFileReference; lastKnownFileType = sourcecode.swift; path = "SimulationSettings+BearishFactors.swift"; sourceTree = "<group>"; };
		E19D10F82D40E66100E3A55E /* InMemorySettings.swift */ = {isa = PBXFileReference; lastKnownFileType = sourcecode.swift; path = InMemorySettings.swift; sourceTree = "<group>"; };
		E1A1E51E2D2A7362008F7658 /* PortfolioChartView.swift */ = {isa = PBXFileReference; lastKnownFileType = sourcecode.swift; path = PortfolioChartView.swift; sourceTree = "<group>"; };
		E1A1E5262D2E371B008F7658 /* TipsData.swift */ = {isa = PBXFileReference; lastKnownFileType = sourcecode.swift; path = TipsData.swift; sourceTree = "<group>"; };
		E1A1E5282D2E38F9008F7658 /* CheckboxToggleStyle.swift */ = {isa = PBXFileReference; lastKnownFileType = sourcecode.swift; path = CheckboxToggleStyle.swift; sourceTree = "<group>"; };
		E1A1E52A2D2E3967008F7658 /* InteractiveBitcoinSymbol3DSpinner.swift */ = {isa = PBXFileReference; lastKnownFileType = sourcecode.swift; path = InteractiveBitcoinSymbol3DSpinner.swift; sourceTree = "<group>"; };
		E1A1E52C2D2E39E3008F7658 /* SnapshotExtensions.swift */ = {isa = PBXFileReference; lastKnownFileType = sourcecode.swift; path = SnapshotExtensions.swift; sourceTree = "<group>"; };
		E1A1E52E2D2E3A3E008F7658 /* RowOffsetHelpers.swift */ = {isa = PBXFileReference; lastKnownFileType = sourcecode.swift; path = RowOffsetHelpers.swift; sourceTree = "<group>"; };
		E1C543B72D224D21005E416D /* MonteCarloResultsView.swift */ = {isa = PBXFileReference; lastKnownFileType = sourcecode.swift; path = MonteCarloResultsView.swift; sourceTree = "<group>"; };
		E1C543B92D22839F005E416D /* YearlyPercentileData.swift */ = {isa = PBXFileReference; lastKnownFileType = sourcecode.swift; path = YearlyPercentileData.swift; sourceTree = "<group>"; };
		E1CFF0262D30D07800D9D044 /* ChartBuilders.swift */ = {isa = PBXFileReference; lastKnownFileType = sourcecode.swift; path = ChartBuilders.swift; sourceTree = "<group>"; };
/* End PBXFileReference section */

/* Begin PBXFrameworksBuildPhase section */
		E11B45972CEE8D53006B0594 /* Frameworks */ = {
			isa = PBXFrameworksBuildPhase;
			buildActionMask = 2147483647;
			files = (
			);
			runOnlyForDeploymentPostprocessing = 0;
		};
		E12CCD852CF8235F0059931D /* Frameworks */ = {
			isa = PBXFrameworksBuildPhase;
			buildActionMask = 2147483647;
			files = (
				E17DDF9C2D1BD13E008700A8 /* PocketSVG in Frameworks */,
			);
			runOnlyForDeploymentPostprocessing = 0;
		};
/* End PBXFrameworksBuildPhase section */

/* Begin PBXGroup section */
		E11B45912CEE8D53006B0594 = {
			isa = PBXGroup;
			children = (
				E12CCD892CF8235F0059931D /* BTC Simulator */,
				E1CDC7812D1BC85900F89006 /* Frameworks */,
				E11B459B2CEE8D53006B0594 /* Products */,
			);
			sourceTree = "<group>";
		};
		E11B459B2CEE8D53006B0594 /* Products */ = {
			isa = PBXGroup;
			children = (
				E11B459A2CEE8D53006B0594 /* BTCMonteCarlo.app */,
				E12CCD882CF8235F0059931D /* BTC Simulator.app */,
			);
			name = Products;
			sourceTree = "<group>";
		};
		E12CCD892CF8235F0059931D /* BTC Simulator */ = {
			isa = PBXGroup;
			children = (
				E1883F472D1E8E1C007AA90B /* AboutView.swift */,
				E1883F3D2D1E0D75007AA90B /* ActiveField.swift */,
				E191AD5C2D1B06E000020DBE /* BitcoinHistoricalData.swift */,
				E1883F512D1FDDB0007AA90B /* BitcoinShapes.swift */,
				E12CCD8A2CF8235F0059931D /* BTC_SimulatorApp.swift */,
				E1CFF0262D30D07800D9D044 /* ChartBuilders.swift */,
				E18C2BE02D259245006E7438 /* ChartSnapshotView.swift */,
				E1A1E5282D2E38F9008F7658 /* CheckboxToggleStyle.swift */,
				E166A8B82CF955E80003F518 /* ContentOffsetScrollView.swift */,
				E166A8B12CF85B2B0003F518 /* ContentView.swift */,
				E166A8A92CF855B00003F518 /* CSVLoader.swift */,
				E191AD662D1B763E00020DBE /* CSVLoaderBTC.swift */,
				E191AD5E2D1B07B800020DBE /* CSVLoaderHistorical.swift */,
				E191AD622D1B0C9100020DBE /* CSVLoaderSP500.swift */,
				E191AD642D1B0D5200020DBE /* CSVParsingUtilities.swift */,
				E166A8AB2CF855B60003F518 /* DoubleExtensions.swift */,
				E1883F432D1E69B5007AA90B /* FactorToggleRow.swift */,
				E19D10E62D3ED96000E3A55E /* GARCHHelper.swift */,
				E19D10F82D40E66100E3A55E /* InMemorySettings.swift */,
				E1883F3F2D1E0DC8007AA90B /* InputManager.swift */,
				E1A1E52A2D2E3967008F7658 /* InteractiveBitcoinSymbol3DSpinner.swift */,
				E17B2F272D27505100ECE087 /* LandscapePlaceholderView.swift */,
				E19D10EA2D3EF69200E3A55E /* MempoolDataManager.swift */,
				E166A8AD2CF855BF0003F518 /* MonteCarloSimulator.swift */,
				E1C543B72D224D21005E416D /* MonteCarloResultsView.swift */,
				E1883F4F2D1FCEB9007AA90B /* OnboardingView.swift */,
				E17B2F7F2D2800D100ECE087 /* OrientationObserver.swift */,
				E1883F3B2D1DDC75007AA90B /* ParametersFormView.swift */,
				E1A1E51E2D2A7362008F7658 /* PortfolioChartView.swift */,
				E1A1E52E2D2E3A3E008F7658 /* RowOffsetHelpers.swift */,
				E14D24082D3A677D007CC11A /* SettingsPrinter.swift */,
				E1883F372D1DD4C5007AA90B /* SettingsView.swift */,
				E17B2F212D26A9F000ECE087 /* SimulationCoordinator.swift */,
				E166A8AF2CF855C20003F518 /* SimulationData.swift */,
				E1883F392D1DD94C007AA90B /* SimulationSettings.swift */,
				E19D10F62D40D8C000E3A55E /* SimulationSettings+BearishFactors.swift */,
				E19D10F42D40D10C00E3A55E /* SimulationSettings+BullishFactors.swift */,
				E19D10EC2D40279200E3A55E /* SimulationSettings+Defaults.swift */,
				E19D10F22D4033D400E3A55E /* SimulationSettings+HashAndRun.swift */,
				E14D240A2D3A6988007CC11A /* SimulationSettingsInit.swift */,
				E19D10EE2D40290800E3A55E /* SimulationSettings+RestoreDefaults.swift */,
				E19D10F02D402BD800E3A55E /* SimulationSettings+ToggleAll.swift */,
				E14D24102D3A9524007CC11A /* SimulationSettings+UnifiedFactors.swift */,
				E14D23F42D374258007CC11A /* SimulationSummaryCardView.swift */,
				E1A1E52C2D2E39E3008F7658 /* SnapshotExtensions.swift */,
				E1A1E5262D2E371B008F7658 /* TipsData.swift */,
				E1883F412D1E43D7007AA90B /* VisualEffectBlur.swift */,
				E1C543B92D22839F005E416D /* YearlyPercentileData.swift */,
				E14D23FE2D3A251F007CC11A /* Bitcoin Historical Data Monthly.csv */,
				E14D23F72D3A2260007CC11A /* Bitcoin Historical Data Weekly.csv */,
				E14D23F82D3A2260007CC11A /* S&P 500 Historical Data Monthly.csv */,
				E14D23F92D3A2260007CC11A /* S&P 500 Historical Data Weekly.csv */,
				E12CCD8E2CF823610059931D /* Assets.xcassets */,
				E12CCD902CF823610059931D /* Preview Content */,
			);
			path = "BTC Simulator";
			sourceTree = "<group>";
		};
		E12CCD902CF823610059931D /* Preview Content */ = {
			isa = PBXGroup;
			children = (
				E166A8B32CF8659D0003F518 /* BTC20YearProjection.csv */,
				E166A8B52CF866910003F518 /* BTCMonteCarloSimulator.entitlements */,
				E12CCD912CF823610059931D /* Preview Assets.xcassets */,
			);
			path = "Preview Content";
			sourceTree = "<group>";
		};
		E1CDC7812D1BC85900F89006 /* Frameworks */ = {
			isa = PBXGroup;
			children = (
			);
			name = Frameworks;
			sourceTree = "<group>";
		};
/* End PBXGroup section */

/* Begin PBXNativeTarget section */
		E11B45992CEE8D53006B0594 /* BTCMonteCarlo */ = {
			isa = PBXNativeTarget;
			buildConfigurationList = E11B45A92CEE8D56006B0594 /* Build configuration list for PBXNativeTarget "BTCMonteCarlo" */;
			buildPhases = (
				E11B45962CEE8D53006B0594 /* Sources */,
				E11B45972CEE8D53006B0594 /* Frameworks */,
				E11B45982CEE8D53006B0594 /* Resources */,
			);
			buildRules = (
			);
			dependencies = (
			);
			name = BTCMonteCarlo;
			productName = BTCMoteCarlo;
			productReference = E11B459A2CEE8D53006B0594 /* BTCMonteCarlo.app */;
			productType = "com.apple.product-type.application";
		};
		E12CCD872CF8235F0059931D /* BTC Simulator */ = {
			isa = PBXNativeTarget;
			buildConfigurationList = E12CCD952CF823610059931D /* Build configuration list for PBXNativeTarget "BTC Simulator" */;
			buildPhases = (
				E12CCD842CF8235F0059931D /* Sources */,
				E12CCD852CF8235F0059931D /* Frameworks */,
				E12CCD862CF8235F0059931D /* Resources */,
			);
			buildRules = (
			);
			dependencies = (
			);
			name = "BTC Simulator";
			productName = "BTC Simulator";
			productReference = E12CCD882CF8235F0059931D /* BTC Simulator.app */;
			productType = "com.apple.product-type.application";
		};
/* End PBXNativeTarget section */

/* Begin PBXProject section */
		E11B45922CEE8D53006B0594 /* Project object */ = {
			isa = PBXProject;
			attributes = {
				BuildIndependentTargetsInParallel = 1;
				LastSwiftUpdateCheck = 1530;
				LastUpgradeCheck = 1610;
				TargetAttributes = {
					E11B45992CEE8D53006B0594 = {
						CreatedOnToolsVersion = 15.3;
					};
					E12CCD872CF8235F0059931D = {
						CreatedOnToolsVersion = 15.3;
					};
				};
			};
			buildConfigurationList = E11B45952CEE8D53006B0594 /* Build configuration list for PBXProject "BTCMonteCarlo" */;
			compatibilityVersion = "Xcode 14.0";
			developmentRegion = en;
			hasScannedForEncodings = 0;
			knownRegions = (
				en,
				Base,
			);
			mainGroup = E11B45912CEE8D53006B0594;
			packageReferences = (
				E17A48022CF17A0300AAC885 /* XCRemoteSwiftPackageReference "swiftplot" */,
				E17DDF9A2D1BD13E008700A8 /* XCRemoteSwiftPackageReference "PocketSVG" */,
			);
			productRefGroup = E11B459B2CEE8D53006B0594 /* Products */;
			projectDirPath = "";
			projectRoot = "";
			targets = (
				E11B45992CEE8D53006B0594 /* BTCMonteCarlo */,
				E12CCD872CF8235F0059931D /* BTC Simulator */,
			);
		};
/* End PBXProject section */

/* Begin PBXResourcesBuildPhase section */
		E11B45982CEE8D53006B0594 /* Resources */ = {
			isa = PBXResourcesBuildPhase;
			buildActionMask = 2147483647;
			files = (
			);
			runOnlyForDeploymentPostprocessing = 0;
		};
		E12CCD862CF8235F0059931D /* Resources */ = {
			isa = PBXResourcesBuildPhase;
			buildActionMask = 2147483647;
			files = (
				E166A8B42CF8659D0003F518 /* BTC20YearProjection.csv in Resources */,
				E14D23FF2D3A251F007CC11A /* Bitcoin Historical Data Monthly.csv in Resources */,
				E12CCD922CF823610059931D /* Preview Assets.xcassets in Resources */,
				E14D23FA2D3A2260007CC11A /* S&P 500 Historical Data Monthly.csv in Resources */,
				E14D23FC2D3A2260007CC11A /* Bitcoin Historical Data Weekly.csv in Resources */,
				E14D23FD2D3A2260007CC11A /* S&P 500 Historical Data Weekly.csv in Resources */,
				E12CCD8F2CF823610059931D /* Assets.xcassets in Resources */,
			);
			runOnlyForDeploymentPostprocessing = 0;
		};
/* End PBXResourcesBuildPhase section */

/* Begin PBXSourcesBuildPhase section */
		E11B45962CEE8D53006B0594 /* Sources */ = {
			isa = PBXSourcesBuildPhase;
			buildActionMask = 2147483647;
			files = (
			);
			runOnlyForDeploymentPostprocessing = 0;
		};
		E12CCD842CF8235F0059931D /* Sources */ = {
			isa = PBXSourcesBuildPhase;
			buildActionMask = 2147483647;
			files = (
				E14D23F52D37425D007CC11A /* SimulationSummaryCardView.swift in Sources */,
				E14D24112D3A9525007CC11A /* SimulationSettings+UnifiedFactors.swift in Sources */,
				E1883F522D1FDDB2007AA90B /* BitcoinShapes.swift in Sources */,
				E19D10ED2D40279600E3A55E /* SimulationSettings+Defaults.swift in Sources */,
				E191AD5F2D1B07BC00020DBE /* CSVLoaderHistorical.swift in Sources */,
				E166A8B02CF855C20003F518 /* SimulationData.swift in Sources */,
				E166A8AC2CF855B60003F518 /* DoubleExtensions.swift in Sources */,
				E19D10F12D402BDC00E3A55E /* SimulationSettings+ToggleAll.swift in Sources */,
				E191AD5D2D1B06E600020DBE /* BitcoinHistoricalData.swift in Sources */,
				E1883F482D1E8E21007AA90B /* AboutView.swift in Sources */,
				E17B2F282D27505300ECE087 /* LandscapePlaceholderView.swift in Sources */,
				E166A8B22CF85B2B0003F518 /* ContentView.swift in Sources */,
				E19D10EB2D3EF69300E3A55E /* MempoolDataManager.swift in Sources */,
				E1C543B82D224D23005E416D /* MonteCarloResultsView.swift in Sources */,
				E1C543BA2D2283A2005E416D /* YearlyPercentileData.swift in Sources */,
				E1883F502D1FCEBD007AA90B /* OnboardingView.swift in Sources */,
				E1A1E52F2D2E3A40008F7658 /* RowOffsetHelpers.swift in Sources */,
				E17B2F802D2800D400ECE087 /* OrientationObserver.swift in Sources */,
				E19D10F92D40E66200E3A55E /* InMemorySettings.swift in Sources */,
				E1883F402D1E0DCB007AA90B /* InputManager.swift in Sources */,
				E191AD672D1B764400020DBE /* CSVLoaderBTC.swift in Sources */,
				E1A1E5292D2E38FA008F7658 /* CheckboxToggleStyle.swift in Sources */,
				E166A8B92CF955ED0003F518 /* ContentOffsetScrollView.swift in Sources */,
				E19D10F32D4033D600E3A55E /* SimulationSettings+HashAndRun.swift in Sources */,
				E191AD632D1B0C9400020DBE /* CSVLoaderSP500.swift in Sources */,
				E191AD652D1B0D5700020DBE /* CSVParsingUtilities.swift in Sources */,
				E19D10F72D40D8E100E3A55E /* SimulationSettings+BearishFactors.swift in Sources */,
				E19D10E72D3ED96200E3A55E /* GARCHHelper.swift in Sources */,
				E19D10EF2D40290A00E3A55E /* SimulationSettings+RestoreDefaults.swift in Sources */,
				E1883F3C2D1DDC78007AA90B /* ParametersFormView.swift in Sources */,
				E18C2BE12D259248006E7438 /* ChartSnapshotView.swift in Sources */,
				E166A8AA2CF855B00003F518 /* CSVLoader.swift in Sources */,
				E1A1E52D2D2E39E4008F7658 /* SnapshotExtensions.swift in Sources */,
				E1A1E51F2D2A7364008F7658 /* PortfolioChartView.swift in Sources */,
				E1883F442D1E69B9007AA90B /* FactorToggleRow.swift in Sources */,
				E17B2F222D26A9F300ECE087 /* SimulationCoordinator.swift in Sources */,
				E12CCD8B2CF8235F0059931D /* BTC_SimulatorApp.swift in Sources */,
				E1A1E5272D2E371D008F7658 /* TipsData.swift in Sources */,
				E14D240B2D3A698A007CC11A /* SimulationSettingsInit.swift in Sources */,
				E1883F3E2D1E0D7A007AA90B /* ActiveField.swift in Sources */,
				E19D10F52D40D10E00E3A55E /* SimulationSettings+BullishFactors.swift in Sources */,
				E1A1E52B2D2E3975008F7658 /* InteractiveBitcoinSymbol3DSpinner.swift in Sources */,
				E1883F3A2D1DD94F007AA90B /* SimulationSettings.swift in Sources */,
				E14D24092D3A677F007CC11A /* SettingsPrinter.swift in Sources */,
				E1883F422D1E43DB007AA90B /* VisualEffectBlur.swift in Sources */,
				E166A8AE2CF855BF0003F518 /* MonteCarloSimulator.swift in Sources */,
				E1CFF0272D30D07A00D9D044 /* ChartBuilders.swift in Sources */,
				E1883F382D1DD4C8007AA90B /* SettingsView.swift in Sources */,
			);
			runOnlyForDeploymentPostprocessing = 0;
		};
/* End PBXSourcesBuildPhase section */

/* Begin XCBuildConfiguration section */
		E11B45A72CEE8D56006B0594 /* Debug */ = {
			isa = XCBuildConfiguration;
			buildSettings = {
				ALWAYS_SEARCH_USER_PATHS = NO;
				ASSETCATALOG_COMPILER_GENERATE_SWIFT_ASSET_SYMBOL_EXTENSIONS = YES;
				CLANG_ANALYZER_NONNULL = YES;
				CLANG_ANALYZER_NUMBER_OBJECT_CONVERSION = YES_AGGRESSIVE;
				CLANG_CXX_LANGUAGE_STANDARD = "gnu++20";
				CLANG_ENABLE_MODULES = YES;
				CLANG_ENABLE_OBJC_ARC = YES;
				CLANG_ENABLE_OBJC_WEAK = YES;
				CLANG_WARN_BLOCK_CAPTURE_AUTORELEASING = YES;
				CLANG_WARN_BOOL_CONVERSION = YES;
				CLANG_WARN_COMMA = YES;
				CLANG_WARN_CONSTANT_CONVERSION = YES;
				CLANG_WARN_DEPRECATED_OBJC_IMPLEMENTATIONS = YES;
				CLANG_WARN_DIRECT_OBJC_ISA_USAGE = YES_ERROR;
				CLANG_WARN_DOCUMENTATION_COMMENTS = YES;
				CLANG_WARN_EMPTY_BODY = YES;
				CLANG_WARN_ENUM_CONVERSION = YES;
				CLANG_WARN_INFINITE_RECURSION = YES;
				CLANG_WARN_INT_CONVERSION = YES;
				CLANG_WARN_NON_LITERAL_NULL_CONVERSION = YES;
				CLANG_WARN_OBJC_IMPLICIT_RETAIN_SELF = YES;
				CLANG_WARN_OBJC_LITERAL_CONVERSION = YES;
				CLANG_WARN_OBJC_ROOT_CLASS = YES_ERROR;
				CLANG_WARN_QUOTED_INCLUDE_IN_FRAMEWORK_HEADER = YES;
				CLANG_WARN_RANGE_LOOP_ANALYSIS = YES;
				CLANG_WARN_STRICT_PROTOTYPES = YES;
				CLANG_WARN_SUSPICIOUS_MOVE = YES;
				CLANG_WARN_UNGUARDED_AVAILABILITY = YES_AGGRESSIVE;
				CLANG_WARN_UNREACHABLE_CODE = YES;
				CLANG_WARN__DUPLICATE_METHOD_MATCH = YES;
				COPY_PHASE_STRIP = NO;
				DEAD_CODE_STRIPPING = YES;
				DEBUG_INFORMATION_FORMAT = dwarf;
				ENABLE_STRICT_OBJC_MSGSEND = YES;
				ENABLE_TESTABILITY = YES;
				ENABLE_USER_SCRIPT_SANDBOXING = YES;
				GCC_C_LANGUAGE_STANDARD = gnu17;
				GCC_DYNAMIC_NO_PIC = NO;
				GCC_NO_COMMON_BLOCKS = YES;
				GCC_OPTIMIZATION_LEVEL = 0;
				GCC_PREPROCESSOR_DEFINITIONS = (
					"DEBUG=1",
					"$(inherited)",
				);
				GCC_WARN_64_TO_32_BIT_CONVERSION = YES;
				GCC_WARN_ABOUT_RETURN_TYPE = YES_ERROR;
				GCC_WARN_UNDECLARED_SELECTOR = YES;
				GCC_WARN_UNINITIALIZED_AUTOS = YES_AGGRESSIVE;
				GCC_WARN_UNUSED_FUNCTION = YES;
				GCC_WARN_UNUSED_VARIABLE = YES;
				LOCALIZATION_PREFERS_STRING_CATALOGS = YES;
				MACOSX_DEPLOYMENT_TARGET = 14.4;
				MTL_ENABLE_DEBUG_INFO = INCLUDE_SOURCE;
				MTL_FAST_MATH = YES;
				ONLY_ACTIVE_ARCH = YES;
				SDKROOT = macosx;
				SWIFT_ACTIVE_COMPILATION_CONDITIONS = "DEBUG $(inherited)";
				SWIFT_OPTIMIZATION_LEVEL = "-Onone";
			};
			name = Debug;
		};
		E11B45A82CEE8D56006B0594 /* Release */ = {
			isa = XCBuildConfiguration;
			buildSettings = {
				ALWAYS_SEARCH_USER_PATHS = NO;
				ASSETCATALOG_COMPILER_GENERATE_SWIFT_ASSET_SYMBOL_EXTENSIONS = YES;
				CLANG_ANALYZER_NONNULL = YES;
				CLANG_ANALYZER_NUMBER_OBJECT_CONVERSION = YES_AGGRESSIVE;
				CLANG_CXX_LANGUAGE_STANDARD = "gnu++20";
				CLANG_ENABLE_MODULES = YES;
				CLANG_ENABLE_OBJC_ARC = YES;
				CLANG_ENABLE_OBJC_WEAK = YES;
				CLANG_WARN_BLOCK_CAPTURE_AUTORELEASING = YES;
				CLANG_WARN_BOOL_CONVERSION = YES;
				CLANG_WARN_COMMA = YES;
				CLANG_WARN_CONSTANT_CONVERSION = YES;
				CLANG_WARN_DEPRECATED_OBJC_IMPLEMENTATIONS = YES;
				CLANG_WARN_DIRECT_OBJC_ISA_USAGE = YES_ERROR;
				CLANG_WARN_DOCUMENTATION_COMMENTS = YES;
				CLANG_WARN_EMPTY_BODY = YES;
				CLANG_WARN_ENUM_CONVERSION = YES;
				CLANG_WARN_INFINITE_RECURSION = YES;
				CLANG_WARN_INT_CONVERSION = YES;
				CLANG_WARN_NON_LITERAL_NULL_CONVERSION = YES;
				CLANG_WARN_OBJC_IMPLICIT_RETAIN_SELF = YES;
				CLANG_WARN_OBJC_LITERAL_CONVERSION = YES;
				CLANG_WARN_OBJC_ROOT_CLASS = YES_ERROR;
				CLANG_WARN_QUOTED_INCLUDE_IN_FRAMEWORK_HEADER = YES;
				CLANG_WARN_RANGE_LOOP_ANALYSIS = YES;
				CLANG_WARN_STRICT_PROTOTYPES = YES;
				CLANG_WARN_SUSPICIOUS_MOVE = YES;
				CLANG_WARN_UNGUARDED_AVAILABILITY = YES_AGGRESSIVE;
				CLANG_WARN_UNREACHABLE_CODE = YES;
				CLANG_WARN__DUPLICATE_METHOD_MATCH = YES;
				COPY_PHASE_STRIP = NO;
				DEAD_CODE_STRIPPING = YES;
				DEBUG_INFORMATION_FORMAT = "dwarf-with-dsym";
				ENABLE_NS_ASSERTIONS = NO;
				ENABLE_STRICT_OBJC_MSGSEND = YES;
				ENABLE_USER_SCRIPT_SANDBOXING = YES;
				GCC_C_LANGUAGE_STANDARD = gnu17;
				GCC_NO_COMMON_BLOCKS = YES;
				GCC_WARN_64_TO_32_BIT_CONVERSION = YES;
				GCC_WARN_ABOUT_RETURN_TYPE = YES_ERROR;
				GCC_WARN_UNDECLARED_SELECTOR = YES;
				GCC_WARN_UNINITIALIZED_AUTOS = YES_AGGRESSIVE;
				GCC_WARN_UNUSED_FUNCTION = YES;
				GCC_WARN_UNUSED_VARIABLE = YES;
				LOCALIZATION_PREFERS_STRING_CATALOGS = YES;
				MACOSX_DEPLOYMENT_TARGET = 14.4;
				MTL_ENABLE_DEBUG_INFO = NO;
				MTL_FAST_MATH = YES;
				SDKROOT = macosx;
				SWIFT_COMPILATION_MODE = wholemodule;
			};
			name = Release;
		};
		E11B45AA2CEE8D56006B0594 /* Debug */ = {
			isa = XCBuildConfiguration;
			buildSettings = {
				ASSETCATALOG_COMPILER_APPICON_NAME = AppIcon;
				ASSETCATALOG_COMPILER_GLOBAL_ACCENT_COLOR_NAME = AccentColor;
				CODE_SIGN_ENTITLEMENTS = BTCMonteCarlo/BTCMonteCarlo.entitlements;
				CODE_SIGN_STYLE = Automatic;
				COMBINE_HIDPI_IMAGES = YES;
				CURRENT_PROJECT_VERSION = 1;
				DEAD_CODE_STRIPPING = YES;
				DEVELOPMENT_ASSET_PATHS = "\"BTCMonteCarlo/Preview Content\"";
				DEVELOPMENT_TEAM = 92HEPEJ42Z;
				ENABLE_HARDENED_RUNTIME = YES;
				ENABLE_PREVIEWS = YES;
				GENERATE_INFOPLIST_FILE = YES;
				INFOPLIST_KEY_NSHumanReadableCopyright = "";
				LD_RUNPATH_SEARCH_PATHS = (
					"$(inherited)",
					"@executable_path/../Frameworks",
				);
				MARKETING_VERSION = 1.0;
				PRODUCT_BUNDLE_IDENTIFIER = "Conor-Nolan.BTCMoteCarlo";
				PRODUCT_NAME = "$(TARGET_NAME)";
				SWIFT_EMIT_LOC_STRINGS = YES;
				SWIFT_VERSION = 5.0;
			};
			name = Debug;
		};
		E11B45AB2CEE8D56006B0594 /* Release */ = {
			isa = XCBuildConfiguration;
			buildSettings = {
				ASSETCATALOG_COMPILER_APPICON_NAME = AppIcon;
				ASSETCATALOG_COMPILER_GLOBAL_ACCENT_COLOR_NAME = AccentColor;
				CODE_SIGN_ENTITLEMENTS = BTCMonteCarlo/BTCMonteCarlo.entitlements;
				CODE_SIGN_STYLE = Automatic;
				COMBINE_HIDPI_IMAGES = YES;
				CURRENT_PROJECT_VERSION = 1;
				DEAD_CODE_STRIPPING = YES;
				DEVELOPMENT_ASSET_PATHS = "\"BTCMonteCarlo/Preview Content\"";
				DEVELOPMENT_TEAM = 92HEPEJ42Z;
				ENABLE_HARDENED_RUNTIME = YES;
				ENABLE_PREVIEWS = YES;
				GENERATE_INFOPLIST_FILE = YES;
				INFOPLIST_KEY_NSHumanReadableCopyright = "";
				LD_RUNPATH_SEARCH_PATHS = (
					"$(inherited)",
					"@executable_path/../Frameworks",
				);
				MARKETING_VERSION = 1.0;
				PRODUCT_BUNDLE_IDENTIFIER = "Conor-Nolan.BTCMoteCarlo";
				PRODUCT_NAME = "$(TARGET_NAME)";
				SWIFT_EMIT_LOC_STRINGS = YES;
				SWIFT_VERSION = 5.0;
			};
			name = Release;
		};
		E12CCD932CF823610059931D /* Debug */ = {
			isa = XCBuildConfiguration;
			buildSettings = {
				ASSETCATALOG_COMPILER_APPICON_NAME = AppIcon;
				ASSETCATALOG_COMPILER_GLOBAL_ACCENT_COLOR_NAME = AccentColor;
				CODE_SIGN_IDENTITY = "iPhone Developer";
				CODE_SIGN_STYLE = Manual;
				CURRENT_PROJECT_VERSION = 1;
				DEVELOPMENT_ASSET_PATHS = "\"BTC Simulator/Preview Content\"";
				DEVELOPMENT_TEAM = "";
				ENABLE_PREVIEWS = YES;
				GENERATE_INFOPLIST_FILE = YES;
				INFOPLIST_KEY_UIApplicationSceneManifest_Generation = YES;
				INFOPLIST_KEY_UIApplicationSupportsIndirectInputEvents = YES;
				INFOPLIST_KEY_UILaunchScreen_Generation = YES;
				INFOPLIST_KEY_UISupportedInterfaceOrientations = "UIInterfaceOrientationLandscapeLeft UIInterfaceOrientationLandscapeRight UIInterfaceOrientationPortrait";
				INFOPLIST_KEY_UISupportedInterfaceOrientations_iPad = "UIInterfaceOrientationLandscapeLeft UIInterfaceOrientationLandscapeRight UIInterfaceOrientationPortrait UIInterfaceOrientationPortraitUpsideDown";
				IPHONEOS_DEPLOYMENT_TARGET = 18.0;
				LD_RUNPATH_SEARCH_PATHS = (
					"$(inherited)",
					"@executable_path/Frameworks",
				);
				MARKETING_VERSION = 1.0;
				PRODUCT_BUNDLE_IDENTIFIER = com.example.BTCSimulator;
				PRODUCT_NAME = "$(TARGET_NAME)";
				PROVISIONING_PROFILE_SPECIFIER = "";
				SDKROOT = iphoneos;
				SWIFT_EMIT_LOC_STRINGS = YES;
				SWIFT_OPTIMIZATION_LEVEL = "-Onone";
				SWIFT_VERSION = 5.0;
				TARGETED_DEVICE_FAMILY = "1,2";
			};
			name = Debug;
		};
		E12CCD942CF823610059931D /* Release */ = {
			isa = XCBuildConfiguration;
			buildSettings = {
				ASSETCATALOG_COMPILER_APPICON_NAME = AppIcon;
				ASSETCATALOG_COMPILER_GLOBAL_ACCENT_COLOR_NAME = AccentColor;
				CODE_SIGN_IDENTITY = "iPhone Developer";
				CODE_SIGN_STYLE = Manual;
				CURRENT_PROJECT_VERSION = 1;
				DEVELOPMENT_ASSET_PATHS = "\"BTC Simulator/Preview Content\"";
				DEVELOPMENT_TEAM = "";
				ENABLE_PREVIEWS = YES;
				GENERATE_INFOPLIST_FILE = YES;
				INFOPLIST_KEY_UIApplicationSceneManifest_Generation = YES;
				INFOPLIST_KEY_UIApplicationSupportsIndirectInputEvents = YES;
				INFOPLIST_KEY_UILaunchScreen_Generation = YES;
				INFOPLIST_KEY_UISupportedInterfaceOrientations = "UIInterfaceOrientationLandscapeLeft UIInterfaceOrientationLandscapeRight UIInterfaceOrientationPortrait";
				INFOPLIST_KEY_UISupportedInterfaceOrientations_iPad = "UIInterfaceOrientationLandscapeLeft UIInterfaceOrientationLandscapeRight UIInterfaceOrientationPortrait UIInterfaceOrientationPortraitUpsideDown";
				IPHONEOS_DEPLOYMENT_TARGET = 18.0;
				LD_RUNPATH_SEARCH_PATHS = (
					"$(inherited)",
					"@executable_path/Frameworks",
				);
				MARKETING_VERSION = 1.0;
				PRODUCT_BUNDLE_IDENTIFIER = com.example.BTCSimulator;
				PRODUCT_NAME = "$(TARGET_NAME)";
				PROVISIONING_PROFILE_SPECIFIER = "";
				SDKROOT = iphoneos;
				SWIFT_EMIT_LOC_STRINGS = YES;
				SWIFT_OPTIMIZATION_LEVEL = "-O";
				SWIFT_VERSION = 5.0;
				TARGETED_DEVICE_FAMILY = "1,2";
				VALIDATE_PRODUCT = YES;
			};
			name = Release;
		};
/* End XCBuildConfiguration section */

/* Begin XCConfigurationList section */
		E11B45952CEE8D53006B0594 /* Build configuration list for PBXProject "BTCMonteCarlo" */ = {
			isa = XCConfigurationList;
			buildConfigurations = (
				E11B45A72CEE8D56006B0594 /* Debug */,
				E11B45A82CEE8D56006B0594 /* Release */,
			);
			defaultConfigurationIsVisible = 0;
			defaultConfigurationName = Release;
		};
		E11B45A92CEE8D56006B0594 /* Build configuration list for PBXNativeTarget "BTCMonteCarlo" */ = {
			isa = XCConfigurationList;
			buildConfigurations = (
				E11B45AA2CEE8D56006B0594 /* Debug */,
				E11B45AB2CEE8D56006B0594 /* Release */,
			);
			defaultConfigurationIsVisible = 0;
			defaultConfigurationName = Release;
		};
		E12CCD952CF823610059931D /* Build configuration list for PBXNativeTarget "BTC Simulator" */ = {
			isa = XCConfigurationList;
			buildConfigurations = (
				E12CCD932CF823610059931D /* Debug */,
				E12CCD942CF823610059931D /* Release */,
			);
			defaultConfigurationIsVisible = 0;
			defaultConfigurationName = Release;
		};
/* End XCConfigurationList section */

/* Begin XCRemoteSwiftPackageReference section */
		E17A48022CF17A0300AAC885 /* XCRemoteSwiftPackageReference "swiftplot" */ = {
			isa = XCRemoteSwiftPackageReference;
			repositoryURL = "https://github.com/KarthikRIyer/swiftplot";
			requirement = {
				kind = upToNextMajorVersion;
				minimumVersion = 2.0.0;
			};
		};
		E17DDF9A2D1BD13E008700A8 /* XCRemoteSwiftPackageReference "PocketSVG" */ = {
			isa = XCRemoteSwiftPackageReference;
			repositoryURL = "https://github.com/pocketsvg/PocketSVG";
			requirement = {
				kind = upToNextMajorVersion;
				minimumVersion = 2.7.3;
			};
		};
/* End XCRemoteSwiftPackageReference section */

/* Begin XCSwiftPackageProductDependency section */
		E17DDF9B2D1BD13E008700A8 /* PocketSVG */ = {
			isa = XCSwiftPackageProductDependency;
			package = E17DDF9A2D1BD13E008700A8 /* XCRemoteSwiftPackageReference "PocketSVG" */;
			productName = PocketSVG;
		};
/* End XCSwiftPackageProductDependency section */
	};
	rootObject = E11B45922CEE8D53006B0594 /* Project object */;
}
