// !$*UTF8*$!
{
	archiveVersion = 1;
	classes = {
	};
	objectVersion = 56;
	objects = {

/* Begin PBXBuildFile section */
		E112E3712D58B00F00167E92 /* PocketSVG in Embed Frameworks */ = {isa = PBXBuildFile; productRef = E17DDF9B2D1BD13E008700A8 /* PocketSVG */; settings = {ATTRIBUTES = (CodeSignOnCopy, ); }; };
		E112E3762D58B73A00167E92 /* MailView.swift in Sources */ = {isa = PBXBuildFile; fileRef = E112E3752D58B73800167E92 /* MailView.swift */; };
		E12687492D7650E100CCB818 /* PinnedAxesRenderer+Extensions.swift in Sources */ = {isa = PBXBuildFile; fileRef = E12687482D7650DF00CCB818 /* PinnedAxesRenderer+Extensions.swift */; };
		E12687AE2D779C5300CCB818 /* TestHarnessView.swift in Sources */ = {isa = PBXBuildFile; fileRef = E12687AD2D779C5100CCB818 /* TestHarnessView.swift */; };
		E12CCD8B2CF8235F0059931D /* BTC_SimulatorApp.swift in Sources */ = {isa = PBXBuildFile; fileRef = E12CCD8A2CF8235F0059931D /* BTC_SimulatorApp.swift */; };
		E12CCD8F2CF823610059931D /* Assets.xcassets in Resources */ = {isa = PBXBuildFile; fileRef = E12CCD8E2CF823610059931D /* Assets.xcassets */; };
		E12CCD922CF823610059931D /* Preview Assets.xcassets in Resources */ = {isa = PBXBuildFile; fileRef = E12CCD912CF823610059931D /* Preview Assets.xcassets */; };
		E13093312D6D8AFC00DA6418 /* PortraitLayoutCoordinator.swift in Sources */ = {isa = PBXBuildFile; fileRef = E13093302D6D8AFA00DA6418 /* PortraitLayoutCoordinator.swift */; };
		E13093332D6D8B1D00DA6418 /* LandscapeLayoutCoordinator.swift in Sources */ = {isa = PBXBuildFile; fileRef = E13093322D6D8B1B00DA6418 /* LandscapeLayoutCoordinator.swift */; };
		E13093352D6D8CA300DA6418 /* PinnedColumnTablesLandscapeViewController.swift in Sources */ = {isa = PBXBuildFile; fileRef = E13093342D6D8CA300DA6418 /* PinnedColumnTablesLandscapeViewController.swift */; };
		E130933E2D70151100DA6418 /* ChartUtilities.swift in Sources */ = {isa = PBXBuildFile; fileRef = E130933D2D70150F00DA6418 /* ChartUtilities.swift */; };
		E13093402D70360500DA6418 /* InteractiveMonteCarloChartView.swift in Sources */ = {isa = PBXBuildFile; fileRef = E130933F2D70360200DA6418 /* InteractiveMonteCarloChartView.swift */; };
		E13093422D703BFE00DA6418 /* ChartShaders.metal in Sources */ = {isa = PBXBuildFile; fileRef = E13093412D703BFE00DA6418 /* ChartShaders.metal */; };
		E13093442D70601700DA6418 /* SimulationRun.swift in Sources */ = {isa = PBXBuildFile; fileRef = E13093432D70601200DA6418 /* SimulationRun.swift */; };
		E13093462D7076BA00DA6418 /* MetalChartContainerView.swift in Sources */ = {isa = PBXBuildFile; fileRef = E13093452D7076B700DA6418 /* MetalChartContainerView.swift */; };
		E13093482D7076E200DA6418 /* MetalChartUIView.swift in Sources */ = {isa = PBXBuildFile; fileRef = E13093472D7076E000DA6418 /* MetalChartUIView.swift */; };
		E130934B2D70773D00DA6418 /* MetalChartGestureCoordinator.swift in Sources */ = {isa = PBXBuildFile; fileRef = E130934A2D70773B00DA6418 /* MetalChartGestureCoordinator.swift */; };
		E130934D2D70779500DA6418 /* MetalChartRenderer.swift in Sources */ = {isa = PBXBuildFile; fileRef = E130934C2D70779300DA6418 /* MetalChartRenderer.swift */; };
		E130934F2D709B5F00DA6418 /* TTFParser.swift in Sources */ = {isa = PBXBuildFile; fileRef = E130934E2D709B5E00DA6418 /* TTFParser.swift */; };
		E13093532D709BB000DA6418 /* SDFGenerator.metal in Sources */ = {isa = PBXBuildFile; fileRef = E13093522D709BB000DA6418 /* SDFGenerator.metal */; };
		E13093552D709BCA00DA6418 /* GPUFontAtlas.swift in Sources */ = {isa = PBXBuildFile; fileRef = E13093542D709BC800DA6418 /* GPUFontAtlas.swift */; };
		E13093572D709BF400DA6418 /* GPUTextRenderer.swift in Sources */ = {isa = PBXBuildFile; fileRef = E13093562D709BF200DA6418 /* GPUTextRenderer.swift */; };
		E13093592D709C1300DA6418 /* TextSDFShaders.metal in Sources */ = {isa = PBXBuildFile; fileRef = E13093582D709C1300DA6418 /* TextSDFShaders.metal */; };
		E130935B2D709E6400DA6418 /* Pinned Axes Renderer.swift in Sources */ = {isa = PBXBuildFile; fileRef = E130935A2D709E6200DA6418 /* Pinned Axes Renderer.swift */; };
		E130935D2D70A0A800DA6418 /* FontAtlasGenerator.swift in Sources */ = {isa = PBXBuildFile; fileRef = E130935C2D70A0A600DA6418 /* FontAtlasGenerator.swift */; };
		E13093612D70A35300DA6418 /* AxisShaders.metal in Sources */ = {isa = PBXBuildFile; fileRef = E13093602D70A35300DA6418 /* AxisShaders.metal */; };
		E13093632D71799400DA6418 /* TextRendererManager.swift in Sources */ = {isa = PBXBuildFile; fileRef = E13093622D71799200DA6418 /* TextRendererManager.swift */; };
		E13093672D71CB1700DA6418 /* IdleManager.swift in Sources */ = {isa = PBXBuildFile; fileRef = E13093662D71CB1500DA6418 /* IdleManager.swift */; };
		E14344D62D52D85600225A49 /* FactorState.swift in Sources */ = {isa = PBXBuildFile; fileRef = E14344D52D52D85400225A49 /* FactorState.swift */; };
		E14344D82D52DE5500225A49 /* FactorCatalog.swift in Sources */ = {isa = PBXBuildFile; fileRef = E14344D72D52DE5300225A49 /* FactorCatalog.swift */; };
		E14344DA2D53553D00225A49 /* SimulationSettings+FactorSync.swift in Sources */ = {isa = PBXBuildFile; fileRef = E14344D92D53553800225A49 /* SimulationSettings+FactorSync.swift */; };
		E14344DE2D545CA600225A49 /* ApplyDictionaryFactorsToSim.swift in Sources */ = {isa = PBXBuildFile; fileRef = E14344DD2D545C9D00225A49 /* ApplyDictionaryFactorsToSim.swift */; };
		E14AED6E2D684D040068B2A5 /* ColumnsCollectionViewController.swift in Sources */ = {isa = PBXBuildFile; fileRef = E14AED6D2D684D020068B2A5 /* ColumnsCollectionViewController.swift */; };
		E14AED702D684DA40068B2A5 /* ColumnsCollectionCell.swift in Sources */ = {isa = PBXBuildFile; fileRef = E14AED6F2D684DA20068B2A5 /* ColumnsCollectionCell.swift */; };
		E14AED722D6857840068B2A5 /* TwoColumnChunker.swift in Sources */ = {isa = PBXBuildFile; fileRef = E14AED712D6857820068B2A5 /* TwoColumnChunker.swift */; };
		E14AED742D6857A50068B2A5 /* CenterSnapFlowLayout.swift in Sources */ = {isa = PBXBuildFile; fileRef = E14AED732D6857A30068B2A5 /* CenterSnapFlowLayout.swift */; };
		E14AED762D6857C70068B2A5 /* TwoColumnCollectionViewController.swift in Sources */ = {isa = PBXBuildFile; fileRef = E14AED752D6857C40068B2A5 /* TwoColumnCollectionViewController.swift */; };
		E14AED7E2D686A400068B2A5 /* NumericExtensions.swift in Sources */ = {isa = PBXBuildFile; fileRef = E14AED7D2D686A3E0068B2A5 /* NumericExtensions.swift */; };
		E14AED802D6960730068B2A5 /* SnapTwoColumnsFlowLayout.swift in Sources */ = {isa = PBXBuildFile; fileRef = E14AED7F2D69606F0068B2A5 /* SnapTwoColumnsFlowLayout.swift */; };
		E14AED822D6960E50068B2A5 /* OneColumnCell.swift in Sources */ = {isa = PBXBuildFile; fileRef = E14AED812D6960E00068B2A5 /* OneColumnCell.swift */; };
		E14AED852D69A27B0068B2A5 /* PinnedColumnBridgeRepresentableUIKit.swift in Sources */ = {isa = PBXBuildFile; fileRef = E14AED842D69A2780068B2A5 /* PinnedColumnBridgeRepresentableUIKit.swift */; };
		E14D23F52D37425D007CC11A /* SimulationSummaryCardView.swift in Sources */ = {isa = PBXBuildFile; fileRef = E14D23F42D374258007CC11A /* SimulationSummaryCardView.swift */; };
		E14D23FA2D3A2260007CC11A /* S&P 500 Historical Data Monthly.csv in Resources */ = {isa = PBXBuildFile; fileRef = E14D23F82D3A2260007CC11A /* S&P 500 Historical Data Monthly.csv */; };
		E14D23FC2D3A2260007CC11A /* Bitcoin Historical Data Weekly.csv in Resources */ = {isa = PBXBuildFile; fileRef = E14D23F72D3A2260007CC11A /* Bitcoin Historical Data Weekly.csv */; };
		E14D23FD2D3A2260007CC11A /* S&P 500 Historical Data Weekly.csv in Resources */ = {isa = PBXBuildFile; fileRef = E14D23F92D3A2260007CC11A /* S&P 500 Historical Data Weekly.csv */; };
		E14D23FF2D3A251F007CC11A /* Bitcoin Historical Data Monthly.csv in Resources */ = {isa = PBXBuildFile; fileRef = E14D23FE2D3A251F007CC11A /* Bitcoin Historical Data Monthly.csv */; };
		E14D24092D3A677F007CC11A /* SettingsPrinter.swift in Sources */ = {isa = PBXBuildFile; fileRef = E14D24082D3A677D007CC11A /* SettingsPrinter.swift */; };
		E14D240B2D3A698A007CC11A /* SimulationSettingsInit.swift in Sources */ = {isa = PBXBuildFile; fileRef = E14D240A2D3A6988007CC11A /* SimulationSettingsInit.swift */; };
		E14D24112D3A9525007CC11A /* SimulationSettings+UnifiedFactors.swift in Sources */ = {isa = PBXBuildFile; fileRef = E14D24102D3A9524007CC11A /* SimulationSettings+UnifiedFactors.swift */; };
		E15DDF472D5A5A3A00CDD30A /* MonthlySimulationSettings.swift in Sources */ = {isa = PBXBuildFile; fileRef = E15DDF462D5A5A3700CDD30A /* MonthlySimulationSettings.swift */; };
		E15DDF492D5AD0F100CDD30A /* MonthlySimulationSettings+FactorSync.swift in Sources */ = {isa = PBXBuildFile; fileRef = E15DDF482D5AD0EC00CDD30A /* MonthlySimulationSettings+FactorSync.swift */; };
		E15DDF4B2D5AE1F700CDD30A /* RestoreDefaultsMonthly.swift in Sources */ = {isa = PBXBuildFile; fileRef = E15DDF4A2D5AE1EF00CDD30A /* RestoreDefaultsMonthly.swift */; };
		E15DDF4D2D5AECBB00CDD30A /* FactorIntensitySection.swift in Sources */ = {isa = PBXBuildFile; fileRef = E15DDF4C2D5AECB900CDD30A /* FactorIntensitySection.swift */; };
		E15DDF4F2D5B3AC500CDD30A /* ParameterEntryView.swift in Sources */ = {isa = PBXBuildFile; fileRef = E15DDF4E2D5B3AC000CDD30A /* ParameterEntryView.swift */; };
		E15DDF512D5D6F2200CDD30A /* FactorTogglesMonthly.swift in Sources */ = {isa = PBXBuildFile; fileRef = E15DDF502D5D6F1900CDD30A /* FactorTogglesMonthly.swift */; };
		E166A8AE2CF855BF0003F518 /* MonteCarloSimulator.swift in Sources */ = {isa = PBXBuildFile; fileRef = E166A8AD2CF855BF0003F518 /* MonteCarloSimulator.swift */; };
		E166A8B02CF855C20003F518 /* SimulationData.swift in Sources */ = {isa = PBXBuildFile; fileRef = E166A8AF2CF855C20003F518 /* SimulationData.swift */; };
		E166A8B22CF85B2B0003F518 /* ContentView.swift in Sources */ = {isa = PBXBuildFile; fileRef = E166A8B12CF85B2B0003F518 /* ContentView.swift */; };
		E166A8B42CF8659D0003F518 /* BTC20YearProjection.csv in Resources */ = {isa = PBXBuildFile; fileRef = E166A8B32CF8659D0003F518 /* BTC20YearProjection.csv */; };
		E166A8B92CF955ED0003F518 /* ContentOffsetScrollView.swift in Sources */ = {isa = PBXBuildFile; fileRef = E166A8B82CF955E80003F518 /* ContentOffsetScrollView.swift */; };
		E17B2F222D26A9F300ECE087 /* SimulationCoordinator.swift in Sources */ = {isa = PBXBuildFile; fileRef = E17B2F212D26A9F000ECE087 /* SimulationCoordinator.swift */; };
		E17B2F282D27505300ECE087 /* LandscapePlaceholderView.swift in Sources */ = {isa = PBXBuildFile; fileRef = E17B2F272D27505100ECE087 /* LandscapePlaceholderView.swift */; };
		E17B2F802D2800D400ECE087 /* OrientationObserver.swift in Sources */ = {isa = PBXBuildFile; fileRef = E17B2F7F2D2800D100ECE087 /* OrientationObserver.swift */; };
		E17DDF9C2D1BD13E008700A8 /* PocketSVG in Frameworks */ = {isa = PBXBuildFile; productRef = E17DDF9B2D1BD13E008700A8 /* PocketSVG */; };
		E1883F382D1DD4C8007AA90B /* SettingsView.swift in Sources */ = {isa = PBXBuildFile; fileRef = E1883F372D1DD4C5007AA90B /* SettingsView.swift */; };
		E1883F3A2D1DD94F007AA90B /* SimulationSettings.swift in Sources */ = {isa = PBXBuildFile; fileRef = E1883F392D1DD94C007AA90B /* SimulationSettings.swift */; };
		E1883F3C2D1DDC78007AA90B /* ParametersFormView.swift in Sources */ = {isa = PBXBuildFile; fileRef = E1883F3B2D1DDC75007AA90B /* ParametersFormView.swift */; };
		E1883F3E2D1E0D7A007AA90B /* ActiveField.swift in Sources */ = {isa = PBXBuildFile; fileRef = E1883F3D2D1E0D75007AA90B /* ActiveField.swift */; };
		E1883F402D1E0DCB007AA90B /* InputManager.swift in Sources */ = {isa = PBXBuildFile; fileRef = E1883F3F2D1E0DC8007AA90B /* InputManager.swift */; };
		E1883F422D1E43DB007AA90B /* VisualEffectBlur.swift in Sources */ = {isa = PBXBuildFile; fileRef = E1883F412D1E43D7007AA90B /* VisualEffectBlur.swift */; };
		E1883F442D1E69B9007AA90B /* FactorToggleRow.swift in Sources */ = {isa = PBXBuildFile; fileRef = E1883F432D1E69B5007AA90B /* FactorToggleRow.swift */; };
		E1883F482D1E8E21007AA90B /* AboutView.swift in Sources */ = {isa = PBXBuildFile; fileRef = E1883F472D1E8E1C007AA90B /* AboutView.swift */; };
		E1883F502D1FCEBD007AA90B /* OnboardingView.swift in Sources */ = {isa = PBXBuildFile; fileRef = E1883F4F2D1FCEB9007AA90B /* OnboardingView.swift */; };
		E1883F522D1FDDB2007AA90B /* BitcoinShapes.swift in Sources */ = {isa = PBXBuildFile; fileRef = E1883F512D1FDDB0007AA90B /* BitcoinShapes.swift */; };
		E18B2D5F2D6A7ACC005E5EDE /* CustomBarViewController.swift in Sources */ = {isa = PBXBuildFile; fileRef = E18B2D5E2D6A7ACA005E5EDE /* CustomBarViewController.swift */; };
		E18B2D692D6BE0B2005E5EDE /* ChartHostingController.swift in Sources */ = {isa = PBXBuildFile; fileRef = E18B2D682D6BE0B0005E5EDE /* ChartHostingController.swift */; };
		E18B2D6B2D6C1C7F005E5EDE /* SnapOneColumnFlowLayout.swift in Sources */ = {isa = PBXBuildFile; fileRef = E18B2D6A2D6C1C7D005E5EDE /* SnapOneColumnFlowLayout.swift */; };
		E18B2D6D2D6C2153005E5EDE /* SnapHalfPageFlowLayout.swift in Sources */ = {isa = PBXBuildFile; fileRef = E18B2D6C2D6C2151005E5EDE /* SnapHalfPageFlowLayout.swift */; };
		E18B2D6F2D6C40D9005E5EDE /* SnapFixedWidthFlowLayout.swift in Sources */ = {isa = PBXBuildFile; fileRef = E18B2D6E2D6C40D3005E5EDE /* SnapFixedWidthFlowLayout.swift */; };
		E18C2BE12D259248006E7438 /* ChartSnapshotView.swift in Sources */ = {isa = PBXBuildFile; fileRef = E18C2BE02D259245006E7438 /* ChartSnapshotView.swift */; };
		E191AD5D2D1B06E600020DBE /* BitcoinHistoricalData.swift in Sources */ = {isa = PBXBuildFile; fileRef = E191AD5C2D1B06E000020DBE /* BitcoinHistoricalData.swift */; };
		E191AD5F2D1B07BC00020DBE /* CSVLoaderHistorical.swift in Sources */ = {isa = PBXBuildFile; fileRef = E191AD5E2D1B07B800020DBE /* CSVLoaderHistorical.swift */; };
		E191AD632D1B0C9400020DBE /* CSVLoaderSP500.swift in Sources */ = {isa = PBXBuildFile; fileRef = E191AD622D1B0C9100020DBE /* CSVLoaderSP500.swift */; };
		E191AD652D1B0D5700020DBE /* CSVParsingUtilities.swift in Sources */ = {isa = PBXBuildFile; fileRef = E191AD642D1B0D5200020DBE /* CSVParsingUtilities.swift */; };
		E191AD672D1B764400020DBE /* CSVLoaderBTC.swift in Sources */ = {isa = PBXBuildFile; fileRef = E191AD662D1B763E00020DBE /* CSVLoaderBTC.swift */; };
		E1942C8F2D61C50A00F5B9A1 /* OnboardingSteps.swift in Sources */ = {isa = PBXBuildFile; fileRef = E1942C8E2D61C50800F5B9A1 /* OnboardingSteps.swift */; };
		E1942C912D628F2600F5B9A1 /* LoadingOverlayView.swift in Sources */ = {isa = PBXBuildFile; fileRef = E1942C902D628F2400F5B9A1 /* LoadingOverlayView.swift */; };
		E1942C972D63FD0C00F5B9A1 /* PinnedColumnTablesRepresentable.swift in Sources */ = {isa = PBXBuildFile; fileRef = E1942C962D63FD0900F5B9A1 /* PinnedColumnTablesRepresentable.swift */; };
		E1942C992D63FD6200F5B9A1 /* PinnedColumnTablesViewController.swift in Sources */ = {isa = PBXBuildFile; fileRef = E1942C982D63FD5E00F5B9A1 /* PinnedColumnTablesViewController.swift */; };
		E1942C9B2D63FD7500F5B9A1 /* PinnedColumnCell.swift in Sources */ = {isa = PBXBuildFile; fileRef = E1942C9A2D63FD7300F5B9A1 /* PinnedColumnCell.swift */; };
		E1942C9D2D63FD9200F5B9A1 /* ColumnsCell.swift in Sources */ = {isa = PBXBuildFile; fileRef = E1942C9C2D63FD9000F5B9A1 /* ColumnsCell.swift */; };
		E1942CA12D64331C00F5B9A1 /* PinnedColumnBridgeRepresentable.swift in Sources */ = {isa = PBXBuildFile; fileRef = E1942CA02D64331900F5B9A1 /* PinnedColumnBridgeRepresentable.swift */; };
		E1942CA32D64334D00F5B9A1 /* PinnedColumnBridgeViewController.swift in Sources */ = {isa = PBXBuildFile; fileRef = E1942CA22D64334B00F5B9A1 /* PinnedColumnBridgeViewController.swift */; };
		E19D10E72D3ED96200E3A55E /* GARCHHelper.swift in Sources */ = {isa = PBXBuildFile; fileRef = E19D10E62D3ED96000E3A55E /* GARCHHelper.swift */; };
		E19D10EB2D3EF69300E3A55E /* MempoolDataManager.swift in Sources */ = {isa = PBXBuildFile; fileRef = E19D10EA2D3EF69200E3A55E /* MempoolDataManager.swift */; };
		E19D10ED2D40279600E3A55E /* SimulationSettings+Defaults.swift in Sources */ = {isa = PBXBuildFile; fileRef = E19D10EC2D40279200E3A55E /* SimulationSettings+Defaults.swift */; };
		E19D10EF2D40290A00E3A55E /* SimulationSettings+RestoreDefaults.swift in Sources */ = {isa = PBXBuildFile; fileRef = E19D10EE2D40290800E3A55E /* SimulationSettings+RestoreDefaults.swift */; };
		E19D10F12D402BDC00E3A55E /* SimulationSettings+ToggleAll.swift in Sources */ = {isa = PBXBuildFile; fileRef = E19D10F02D402BD800E3A55E /* SimulationSettings+ToggleAll.swift */; };
		E19D10F32D4033D600E3A55E /* SimulationSettings+HashAndRun.swift in Sources */ = {isa = PBXBuildFile; fileRef = E19D10F22D4033D400E3A55E /* SimulationSettings+HashAndRun.swift */; };
		E19D10F52D40D10E00E3A55E /* SimulationSettings+BullishFactors.swift in Sources */ = {isa = PBXBuildFile; fileRef = E19D10F42D40D10C00E3A55E /* SimulationSettings+BullishFactors.swift */; };
		E19D10F72D40D8E100E3A55E /* SimulationSettings+BearishFactors.swift in Sources */ = {isa = PBXBuildFile; fileRef = E19D10F62D40D8C000E3A55E /* SimulationSettings+BearishFactors.swift */; };
		E19D10F92D40E66200E3A55E /* InMemorySettings.swift in Sources */ = {isa = PBXBuildFile; fileRef = E19D10F82D40E66100E3A55E /* InMemorySettings.swift */; };
		E19D113A2D42F75000E3A55E /* MarketRegime.swift in Sources */ = {isa = PBXBuildFile; fileRef = E19D11392D42F74E00E3A55E /* MarketRegime.swift */; };
		E19D113C2D42F81C00E3A55E /* UtilityExtensions.swift in Sources */ = {isa = PBXBuildFile; fileRef = E19D113B2D42F81A00E3A55E /* UtilityExtensions.swift */; };
		E19D113E2D42F91100E3A55E /* AnnualStepAdjustFactor.swift in Sources */ = {isa = PBXBuildFile; fileRef = E19D113D2D42F90F00E3A55E /* AnnualStepAdjustFactor.swift */; };
		E19D11402D42F97700E3A55E /* DampenOutliers.swift in Sources */ = {isa = PBXBuildFile; fileRef = E19D113F2D42F97600E3A55E /* DampenOutliers.swift */; };
		E19D11422D42F9E600E3A55E /* NetDeposit.swift in Sources */ = {isa = PBXBuildFile; fileRef = E19D11412D42F9E500E3A55E /* NetDeposit.swift */; };
		E19D11442D42FA6800E3A55E /* RNGHelpers.swift in Sources */ = {isa = PBXBuildFile; fileRef = E19D11432D42FA6600E3A55E /* RNGHelpers.swift */; };
		E19D11462D42FCAE00E3A55E /* FactorToggles.swift in Sources */ = {isa = PBXBuildFile; fileRef = E19D11452D42FCAC00E3A55E /* FactorToggles.swift */; };
		E1A1E51F2D2A7364008F7658 /* PortfolioChartView.swift in Sources */ = {isa = PBXBuildFile; fileRef = E1A1E51E2D2A7362008F7658 /* PortfolioChartView.swift */; };
		E1A1E5272D2E371D008F7658 /* TipsData.swift in Sources */ = {isa = PBXBuildFile; fileRef = E1A1E5262D2E371B008F7658 /* TipsData.swift */; };
		E1A1E5292D2E38FA008F7658 /* CheckboxToggleStyle.swift in Sources */ = {isa = PBXBuildFile; fileRef = E1A1E5282D2E38F9008F7658 /* CheckboxToggleStyle.swift */; };
		E1A1E52B2D2E3975008F7658 /* InteractiveBitcoinSymbol3DSpinner.swift in Sources */ = {isa = PBXBuildFile; fileRef = E1A1E52A2D2E3967008F7658 /* InteractiveBitcoinSymbol3DSpinner.swift */; };
		E1A1E52D2D2E39E4008F7658 /* SnapshotExtensions.swift in Sources */ = {isa = PBXBuildFile; fileRef = E1A1E52C2D2E39E3008F7658 /* SnapshotExtensions.swift */; };
		E1A1E52F2D2E3A40008F7658 /* RowOffsetHelpers.swift in Sources */ = {isa = PBXBuildFile; fileRef = E1A1E52E2D2E3A3E008F7658 /* RowOffsetHelpers.swift */; };
		E1B7B09B2D44DEAF00B60EC6 /* AdvancedSettingsSection.swift in Sources */ = {isa = PBXBuildFile; fileRef = E1B7B09A2D44DEAC00B60EC6 /* AdvancedSettingsSection.swift */; };
		E1B7B09D2D44E0D000B60EC6 /* BullishFactorsSection.swift in Sources */ = {isa = PBXBuildFile; fileRef = E1B7B09C2D44E0CE00B60EC6 /* BullishFactorsSection.swift */; };
		E1B7B09F2D44E44A00B60EC6 /* BearishFactorsSection.swift in Sources */ = {isa = PBXBuildFile; fileRef = E1B7B09E2D44E44700B60EC6 /* BearishFactorsSection.swift */; };
		E1B7B0A12D44FD3600B60EC6 /* BigNumberExtensions.swift in Sources */ = {isa = PBXBuildFile; fileRef = E1B7B0A02D44FD3400B60EC6 /* BigNumberExtensions.swift */; };
		E1B7B0A52D47532D00B60EC6 /* UIComponents.swift in Sources */ = {isa = PBXBuildFile; fileRef = E1B7B0A42D47532B00B60EC6 /* UIComponents.swift */; };
		E1B7B0A72D4753CF00B60EC6 /* ShiftFactors.swift in Sources */ = {isa = PBXBuildFile; fileRef = E1B7B0A62D4753CC00B60EC6 /* ShiftFactors.swift */; };
		E1B7B0A92D47575400B60EC6 /* SettingsSections.swift in Sources */ = {isa = PBXBuildFile; fileRef = E1B7B0A82D47575200B60EC6 /* SettingsSections.swift */; };
		E1B7B0AB2D4759D800B60EC6 /* SettingsWatchers.swift in Sources */ = {isa = PBXBuildFile; fileRef = E1B7B0AA2D4759D300B60EC6 /* SettingsWatchers.swift */; };
		E1C543B82D224D23005E416D /* MonteCarloResultsView.swift in Sources */ = {isa = PBXBuildFile; fileRef = E1C543B72D224D21005E416D /* MonteCarloResultsView.swift */; };
		E1C543BA2D2283A2005E416D /* YearlyPercentileData.swift in Sources */ = {isa = PBXBuildFile; fileRef = E1C543B92D22839F005E416D /* YearlyPercentileData.swift */; };
		E1CFF0272D30D07A00D9D044 /* ChartBuilders.swift in Sources */ = {isa = PBXBuildFile; fileRef = E1CFF0262D30D07800D9D044 /* ChartBuilders.swift */; };
		E1E31C4B2D43352300ED22E6 /* ExtendedBootstrapSimulator.swift in Sources */ = {isa = PBXBuildFile; fileRef = E1E31C4A2D43352200ED22E6 /* ExtendedBootstrapSimulator.swift */; };
		E1E31C4D2D433DB800ED22E6 /* BlockBootstrapSimulator.swift in Sources */ = {isa = PBXBuildFile; fileRef = E1E31C4C2D433DB600ED22E6 /* BlockBootstrapSimulator.swift */; };
		E1E31C4F2D4349E000ED22E6 /* DataLoader.swift in Sources */ = {isa = PBXBuildFile; fileRef = E1E31C4E2D4349DE00ED22E6 /* DataLoader.swift */; };
		E1E31C512D438DD900ED22E6 /* GarchCalibrator.swift in Sources */ = {isa = PBXBuildFile; fileRef = E1E31C502D438DD700ED22E6 /* GarchCalibrator.swift */; };
		E1F1CB602D4EF179003DB24F /* CalibrationManager.swift in Sources */ = {isa = PBXBuildFile; fileRef = E1F1CB5F2D4EF177003DB24F /* CalibrationManager.swift */; };
		E1F1CB622D4F081D003DB24F /* HalvingHistoricalManager.swift in Sources */ = {isa = PBXBuildFile; fileRef = E1F1CB612D4F081B003DB24F /* HalvingHistoricalManager.swift */; };
		E1F1CB642D4F2F0E003DB24F /* HistoricalDataCache.swift in Sources */ = {isa = PBXBuildFile; fileRef = E1F1CB632D4F2F0C003DB24F /* HistoricalDataCache.swift */; };
		E1F1CB662D4F31BA003DB24F /* ParallelSimulationRunner.swift in Sources */ = {isa = PBXBuildFile; fileRef = E1F1CB652D4F31B9003DB24F /* ParallelSimulationRunner.swift */; };
		E1F1CB682D4F3369003DB24F /* SimulationUtilities.swift in Sources */ = {isa = PBXBuildFile; fileRef = E1F1CB672D4F3366003DB24F /* SimulationUtilities.swift */; };
/* End PBXBuildFile section */

/* Begin PBXCopyFilesBuildPhase section */
		E112E3722D58B00F00167E92 /* Embed Frameworks */ = {
			isa = PBXCopyFilesBuildPhase;
			buildActionMask = 2147483647;
			dstPath = "";
			dstSubfolderSpec = 10;
			files = (
				E112E3712D58B00F00167E92 /* PocketSVG in Embed Frameworks */,
			);
			name = "Embed Frameworks";
			runOnlyForDeploymentPostprocessing = 0;
		};
/* End PBXCopyFilesBuildPhase section */

/* Begin PBXFileReference section */
		E112E3752D58B73800167E92 /* MailView.swift */ = {isa = PBXFileReference; lastKnownFileType = sourcecode.swift; path = MailView.swift; sourceTree = "<group>"; };
		E11B459A2CEE8D53006B0594 /* BTCMonteCarlo.app */ = {isa = PBXFileReference; explicitFileType = wrapper.application; includeInIndex = 0; path = BTCMonteCarlo.app; sourceTree = BUILT_PRODUCTS_DIR; };
		E12687482D7650DF00CCB818 /* PinnedAxesRenderer+Extensions.swift */ = {isa = PBXFileReference; lastKnownFileType = sourcecode.swift; path = "PinnedAxesRenderer+Extensions.swift"; sourceTree = "<group>"; };
		E12687AD2D779C5100CCB818 /* TestHarnessView.swift */ = {isa = PBXFileReference; lastKnownFileType = sourcecode.swift; path = TestHarnessView.swift; sourceTree = "<group>"; };
		E12CCD882CF8235F0059931D /* Bitcoin HODL Simulator.app */ = {isa = PBXFileReference; explicitFileType = wrapper.application; includeInIndex = 0; path = "Bitcoin HODL Simulator.app"; sourceTree = BUILT_PRODUCTS_DIR; };
		E12CCD8A2CF8235F0059931D /* BTC_SimulatorApp.swift */ = {isa = PBXFileReference; lastKnownFileType = sourcecode.swift; path = BTC_SimulatorApp.swift; sourceTree = "<group>"; };
		E12CCD8E2CF823610059931D /* Assets.xcassets */ = {isa = PBXFileReference; lastKnownFileType = folder.assetcatalog; path = Assets.xcassets; sourceTree = "<group>"; };
		E12CCD912CF823610059931D /* Preview Assets.xcassets */ = {isa = PBXFileReference; lastKnownFileType = folder.assetcatalog; path = "Preview Assets.xcassets"; sourceTree = "<group>"; };
		E13093302D6D8AFA00DA6418 /* PortraitLayoutCoordinator.swift */ = {isa = PBXFileReference; lastKnownFileType = sourcecode.swift; path = PortraitLayoutCoordinator.swift; sourceTree = "<group>"; };
		E13093322D6D8B1B00DA6418 /* LandscapeLayoutCoordinator.swift */ = {isa = PBXFileReference; lastKnownFileType = sourcecode.swift; path = LandscapeLayoutCoordinator.swift; sourceTree = "<group>"; };
		E13093342D6D8CA300DA6418 /* PinnedColumnTablesLandscapeViewController.swift */ = {isa = PBXFileReference; lastKnownFileType = sourcecode.swift; path = PinnedColumnTablesLandscapeViewController.swift; sourceTree = "<group>"; };
		E130933D2D70150F00DA6418 /* ChartUtilities.swift */ = {isa = PBXFileReference; lastKnownFileType = sourcecode.swift; path = ChartUtilities.swift; sourceTree = "<group>"; };
		E130933F2D70360200DA6418 /* InteractiveMonteCarloChartView.swift */ = {isa = PBXFileReference; lastKnownFileType = sourcecode.swift; path = InteractiveMonteCarloChartView.swift; sourceTree = "<group>"; };
		E13093412D703BFE00DA6418 /* ChartShaders.metal */ = {isa = PBXFileReference; lastKnownFileType = sourcecode.metal; path = ChartShaders.metal; sourceTree = "<group>"; };
		E13093432D70601200DA6418 /* SimulationRun.swift */ = {isa = PBXFileReference; lastKnownFileType = sourcecode.swift; path = SimulationRun.swift; sourceTree = "<group>"; };
		E13093452D7076B700DA6418 /* MetalChartContainerView.swift */ = {isa = PBXFileReference; lastKnownFileType = sourcecode.swift; path = MetalChartContainerView.swift; sourceTree = "<group>"; };
		E13093472D7076E000DA6418 /* MetalChartUIView.swift */ = {isa = PBXFileReference; lastKnownFileType = sourcecode.swift; path = MetalChartUIView.swift; sourceTree = "<group>"; };
		E130934A2D70773B00DA6418 /* MetalChartGestureCoordinator.swift */ = {isa = PBXFileReference; lastKnownFileType = sourcecode.swift; path = MetalChartGestureCoordinator.swift; sourceTree = "<group>"; };
		E130934C2D70779300DA6418 /* MetalChartRenderer.swift */ = {isa = PBXFileReference; lastKnownFileType = sourcecode.swift; path = MetalChartRenderer.swift; sourceTree = "<group>"; };
		E130934E2D709B5E00DA6418 /* TTFParser.swift */ = {isa = PBXFileReference; lastKnownFileType = sourcecode.swift; path = TTFParser.swift; sourceTree = "<group>"; };
		E13093522D709BB000DA6418 /* SDFGenerator.metal */ = {isa = PBXFileReference; lastKnownFileType = sourcecode.metal; path = SDFGenerator.metal; sourceTree = "<group>"; };
		E13093542D709BC800DA6418 /* GPUFontAtlas.swift */ = {isa = PBXFileReference; lastKnownFileType = sourcecode.swift; path = GPUFontAtlas.swift; sourceTree = "<group>"; };
		E13093562D709BF200DA6418 /* GPUTextRenderer.swift */ = {isa = PBXFileReference; lastKnownFileType = sourcecode.swift; path = GPUTextRenderer.swift; sourceTree = "<group>"; };
		E13093582D709C1300DA6418 /* TextSDFShaders.metal */ = {isa = PBXFileReference; lastKnownFileType = sourcecode.metal; path = TextSDFShaders.metal; sourceTree = "<group>"; };
		E130935A2D709E6200DA6418 /* Pinned Axes Renderer.swift */ = {isa = PBXFileReference; lastKnownFileType = sourcecode.swift; path = "Pinned Axes Renderer.swift"; sourceTree = "<group>"; };
		E130935C2D70A0A600DA6418 /* FontAtlasGenerator.swift */ = {isa = PBXFileReference; lastKnownFileType = sourcecode.swift; path = FontAtlasGenerator.swift; sourceTree = "<group>"; };
		E13093602D70A35300DA6418 /* AxisShaders.metal */ = {isa = PBXFileReference; lastKnownFileType = sourcecode.metal; path = AxisShaders.metal; sourceTree = "<group>"; };
		E13093622D71799200DA6418 /* TextRendererManager.swift */ = {isa = PBXFileReference; lastKnownFileType = sourcecode.swift; path = TextRendererManager.swift; sourceTree = "<group>"; };
		E13093662D71CB1500DA6418 /* IdleManager.swift */ = {isa = PBXFileReference; lastKnownFileType = sourcecode.swift; path = IdleManager.swift; sourceTree = "<group>"; };
		E14344D52D52D85400225A49 /* FactorState.swift */ = {isa = PBXFileReference; lastKnownFileType = sourcecode.swift; path = FactorState.swift; sourceTree = "<group>"; };
		E14344D72D52DE5300225A49 /* FactorCatalog.swift */ = {isa = PBXFileReference; lastKnownFileType = sourcecode.swift; path = FactorCatalog.swift; sourceTree = "<group>"; };
		E14344D92D53553800225A49 /* SimulationSettings+FactorSync.swift */ = {isa = PBXFileReference; lastKnownFileType = sourcecode.swift; path = "SimulationSettings+FactorSync.swift"; sourceTree = "<group>"; };
		E14344DD2D545C9D00225A49 /* ApplyDictionaryFactorsToSim.swift */ = {isa = PBXFileReference; lastKnownFileType = sourcecode.swift; path = ApplyDictionaryFactorsToSim.swift; sourceTree = "<group>"; };
		E14AED6D2D684D020068B2A5 /* ColumnsCollectionViewController.swift */ = {isa = PBXFileReference; lastKnownFileType = sourcecode.swift; path = ColumnsCollectionViewController.swift; sourceTree = "<group>"; };
		E14AED6F2D684DA20068B2A5 /* ColumnsCollectionCell.swift */ = {isa = PBXFileReference; lastKnownFileType = sourcecode.swift; path = ColumnsCollectionCell.swift; sourceTree = "<group>"; };
		E14AED712D6857820068B2A5 /* TwoColumnChunker.swift */ = {isa = PBXFileReference; lastKnownFileType = sourcecode.swift; path = TwoColumnChunker.swift; sourceTree = "<group>"; };
		E14AED732D6857A30068B2A5 /* CenterSnapFlowLayout.swift */ = {isa = PBXFileReference; lastKnownFileType = sourcecode.swift; path = CenterSnapFlowLayout.swift; sourceTree = "<group>"; };
		E14AED752D6857C40068B2A5 /* TwoColumnCollectionViewController.swift */ = {isa = PBXFileReference; lastKnownFileType = sourcecode.swift; path = TwoColumnCollectionViewController.swift; sourceTree = "<group>"; };
		E14AED7D2D686A3E0068B2A5 /* NumericExtensions.swift */ = {isa = PBXFileReference; lastKnownFileType = sourcecode.swift; path = NumericExtensions.swift; sourceTree = "<group>"; };
		E14AED7F2D69606F0068B2A5 /* SnapTwoColumnsFlowLayout.swift */ = {isa = PBXFileReference; lastKnownFileType = sourcecode.swift; path = SnapTwoColumnsFlowLayout.swift; sourceTree = "<group>"; };
		E14AED812D6960E00068B2A5 /* OneColumnCell.swift */ = {isa = PBXFileReference; lastKnownFileType = sourcecode.swift; path = OneColumnCell.swift; sourceTree = "<group>"; };
		E14AED842D69A2780068B2A5 /* PinnedColumnBridgeRepresentableUIKit.swift */ = {isa = PBXFileReference; lastKnownFileType = sourcecode.swift; path = PinnedColumnBridgeRepresentableUIKit.swift; sourceTree = "<group>"; };
		E14D23F42D374258007CC11A /* SimulationSummaryCardView.swift */ = {isa = PBXFileReference; lastKnownFileType = sourcecode.swift; path = SimulationSummaryCardView.swift; sourceTree = "<group>"; };
		E14D23F72D3A2260007CC11A /* Bitcoin Historical Data Weekly.csv */ = {isa = PBXFileReference; lastKnownFileType = text; path = "Bitcoin Historical Data Weekly.csv"; sourceTree = "<group>"; };
		E14D23F82D3A2260007CC11A /* S&P 500 Historical Data Monthly.csv */ = {isa = PBXFileReference; lastKnownFileType = text; path = "S&P 500 Historical Data Monthly.csv"; sourceTree = "<group>"; };
		E14D23F92D3A2260007CC11A /* S&P 500 Historical Data Weekly.csv */ = {isa = PBXFileReference; lastKnownFileType = text; path = "S&P 500 Historical Data Weekly.csv"; sourceTree = "<group>"; };
		E14D23FE2D3A251F007CC11A /* Bitcoin Historical Data Monthly.csv */ = {isa = PBXFileReference; lastKnownFileType = text; path = "Bitcoin Historical Data Monthly.csv"; sourceTree = "<group>"; };
		E14D24082D3A677D007CC11A /* SettingsPrinter.swift */ = {isa = PBXFileReference; lastKnownFileType = sourcecode.swift; path = SettingsPrinter.swift; sourceTree = "<group>"; };
		E14D240A2D3A6988007CC11A /* SimulationSettingsInit.swift */ = {isa = PBXFileReference; lastKnownFileType = sourcecode.swift; path = SimulationSettingsInit.swift; sourceTree = "<group>"; };
		E14D24102D3A9524007CC11A /* SimulationSettings+UnifiedFactors.swift */ = {isa = PBXFileReference; lastKnownFileType = sourcecode.swift; path = "SimulationSettings+UnifiedFactors.swift"; sourceTree = "<group>"; };
		E15DDF462D5A5A3700CDD30A /* MonthlySimulationSettings.swift */ = {isa = PBXFileReference; lastKnownFileType = sourcecode.swift; path = MonthlySimulationSettings.swift; sourceTree = "<group>"; };
		E15DDF482D5AD0EC00CDD30A /* MonthlySimulationSettings+FactorSync.swift */ = {isa = PBXFileReference; lastKnownFileType = sourcecode.swift; path = "MonthlySimulationSettings+FactorSync.swift"; sourceTree = "<group>"; };
		E15DDF4A2D5AE1EF00CDD30A /* RestoreDefaultsMonthly.swift */ = {isa = PBXFileReference; lastKnownFileType = sourcecode.swift; path = RestoreDefaultsMonthly.swift; sourceTree = "<group>"; };
		E15DDF4C2D5AECB900CDD30A /* FactorIntensitySection.swift */ = {isa = PBXFileReference; lastKnownFileType = sourcecode.swift; path = FactorIntensitySection.swift; sourceTree = "<group>"; };
		E15DDF4E2D5B3AC000CDD30A /* ParameterEntryView.swift */ = {isa = PBXFileReference; lastKnownFileType = sourcecode.swift; path = ParameterEntryView.swift; sourceTree = "<group>"; };
		E15DDF502D5D6F1900CDD30A /* FactorTogglesMonthly.swift */ = {isa = PBXFileReference; lastKnownFileType = sourcecode.swift; path = FactorTogglesMonthly.swift; sourceTree = "<group>"; };
		E166A8AD2CF855BF0003F518 /* MonteCarloSimulator.swift */ = {isa = PBXFileReference; lastKnownFileType = sourcecode.swift; path = MonteCarloSimulator.swift; sourceTree = "<group>"; };
		E166A8AF2CF855C20003F518 /* SimulationData.swift */ = {isa = PBXFileReference; lastKnownFileType = sourcecode.swift; path = SimulationData.swift; sourceTree = "<group>"; };
		E166A8B12CF85B2B0003F518 /* ContentView.swift */ = {isa = PBXFileReference; lastKnownFileType = sourcecode.swift; path = ContentView.swift; sourceTree = "<group>"; };
		E166A8B32CF8659D0003F518 /* BTC20YearProjection.csv */ = {isa = PBXFileReference; lastKnownFileType = text; path = BTC20YearProjection.csv; sourceTree = "<group>"; };
		E166A8B52CF866910003F518 /* BTCMonteCarloSimulator.entitlements */ = {isa = PBXFileReference; lastKnownFileType = text.plist.entitlements; path = BTCMonteCarloSimulator.entitlements; sourceTree = "<group>"; };
		E166A8B82CF955E80003F518 /* ContentOffsetScrollView.swift */ = {isa = PBXFileReference; lastKnownFileType = sourcecode.swift; path = ContentOffsetScrollView.swift; sourceTree = "<group>"; };
		E17B2F212D26A9F000ECE087 /* SimulationCoordinator.swift */ = {isa = PBXFileReference; lastKnownFileType = sourcecode.swift; path = SimulationCoordinator.swift; sourceTree = "<group>"; };
		E17B2F272D27505100ECE087 /* LandscapePlaceholderView.swift */ = {isa = PBXFileReference; lastKnownFileType = sourcecode.swift; path = LandscapePlaceholderView.swift; sourceTree = "<group>"; };
		E17B2F7F2D2800D100ECE087 /* OrientationObserver.swift */ = {isa = PBXFileReference; lastKnownFileType = sourcecode.swift; path = OrientationObserver.swift; sourceTree = "<group>"; };
		E1883F372D1DD4C5007AA90B /* SettingsView.swift */ = {isa = PBXFileReference; lastKnownFileType = sourcecode.swift; path = SettingsView.swift; sourceTree = "<group>"; };
		E1883F392D1DD94C007AA90B /* SimulationSettings.swift */ = {isa = PBXFileReference; lastKnownFileType = sourcecode.swift; path = SimulationSettings.swift; sourceTree = "<group>"; };
		E1883F3B2D1DDC75007AA90B /* ParametersFormView.swift */ = {isa = PBXFileReference; lastKnownFileType = sourcecode.swift; path = ParametersFormView.swift; sourceTree = "<group>"; };
		E1883F3D2D1E0D75007AA90B /* ActiveField.swift */ = {isa = PBXFileReference; lastKnownFileType = sourcecode.swift; path = ActiveField.swift; sourceTree = "<group>"; };
		E1883F3F2D1E0DC8007AA90B /* InputManager.swift */ = {isa = PBXFileReference; lastKnownFileType = sourcecode.swift; path = InputManager.swift; sourceTree = "<group>"; };
		E1883F412D1E43D7007AA90B /* VisualEffectBlur.swift */ = {isa = PBXFileReference; lastKnownFileType = sourcecode.swift; path = VisualEffectBlur.swift; sourceTree = "<group>"; };
		E1883F432D1E69B5007AA90B /* FactorToggleRow.swift */ = {isa = PBXFileReference; lastKnownFileType = sourcecode.swift; path = FactorToggleRow.swift; sourceTree = "<group>"; };
		E1883F472D1E8E1C007AA90B /* AboutView.swift */ = {isa = PBXFileReference; lastKnownFileType = sourcecode.swift; path = AboutView.swift; sourceTree = "<group>"; };
		E1883F4F2D1FCEB9007AA90B /* OnboardingView.swift */ = {isa = PBXFileReference; lastKnownFileType = sourcecode.swift; path = OnboardingView.swift; sourceTree = "<group>"; };
		E1883F512D1FDDB0007AA90B /* BitcoinShapes.swift */ = {isa = PBXFileReference; lastKnownFileType = sourcecode.swift; path = BitcoinShapes.swift; sourceTree = "<group>"; };
		E18B2D5E2D6A7ACA005E5EDE /* CustomBarViewController.swift */ = {isa = PBXFileReference; lastKnownFileType = sourcecode.swift; path = CustomBarViewController.swift; sourceTree = "<group>"; };
		E18B2D682D6BE0B0005E5EDE /* ChartHostingController.swift */ = {isa = PBXFileReference; lastKnownFileType = sourcecode.swift; path = ChartHostingController.swift; sourceTree = "<group>"; };
		E18B2D6A2D6C1C7D005E5EDE /* SnapOneColumnFlowLayout.swift */ = {isa = PBXFileReference; lastKnownFileType = sourcecode.swift; path = SnapOneColumnFlowLayout.swift; sourceTree = "<group>"; };
		E18B2D6C2D6C2151005E5EDE /* SnapHalfPageFlowLayout.swift */ = {isa = PBXFileReference; lastKnownFileType = sourcecode.swift; path = SnapHalfPageFlowLayout.swift; sourceTree = "<group>"; };
		E18B2D6E2D6C40D3005E5EDE /* SnapFixedWidthFlowLayout.swift */ = {isa = PBXFileReference; lastKnownFileType = sourcecode.swift; path = SnapFixedWidthFlowLayout.swift; sourceTree = "<group>"; };
		E18C2BE02D259245006E7438 /* ChartSnapshotView.swift */ = {isa = PBXFileReference; lastKnownFileType = sourcecode.swift; path = ChartSnapshotView.swift; sourceTree = "<group>"; };
		E191AD5C2D1B06E000020DBE /* BitcoinHistoricalData.swift */ = {isa = PBXFileReference; lastKnownFileType = sourcecode.swift; path = BitcoinHistoricalData.swift; sourceTree = "<group>"; };
		E191AD5E2D1B07B800020DBE /* CSVLoaderHistorical.swift */ = {isa = PBXFileReference; lastKnownFileType = sourcecode.swift; path = CSVLoaderHistorical.swift; sourceTree = "<group>"; };
		E191AD622D1B0C9100020DBE /* CSVLoaderSP500.swift */ = {isa = PBXFileReference; lastKnownFileType = sourcecode.swift; path = CSVLoaderSP500.swift; sourceTree = "<group>"; };
		E191AD642D1B0D5200020DBE /* CSVParsingUtilities.swift */ = {isa = PBXFileReference; lastKnownFileType = sourcecode.swift; path = CSVParsingUtilities.swift; sourceTree = "<group>"; };
		E191AD662D1B763E00020DBE /* CSVLoaderBTC.swift */ = {isa = PBXFileReference; lastKnownFileType = sourcecode.swift; path = CSVLoaderBTC.swift; sourceTree = "<group>"; };
		E1942C8E2D61C50800F5B9A1 /* OnboardingSteps.swift */ = {isa = PBXFileReference; lastKnownFileType = sourcecode.swift; path = OnboardingSteps.swift; sourceTree = "<group>"; };
		E1942C902D628F2400F5B9A1 /* LoadingOverlayView.swift */ = {isa = PBXFileReference; lastKnownFileType = sourcecode.swift; path = LoadingOverlayView.swift; sourceTree = "<group>"; };
		E1942C962D63FD0900F5B9A1 /* PinnedColumnTablesRepresentable.swift */ = {isa = PBXFileReference; lastKnownFileType = sourcecode.swift; path = PinnedColumnTablesRepresentable.swift; sourceTree = "<group>"; };
		E1942C982D63FD5E00F5B9A1 /* PinnedColumnTablesViewController.swift */ = {isa = PBXFileReference; lastKnownFileType = sourcecode.swift; path = PinnedColumnTablesViewController.swift; sourceTree = "<group>"; };
		E1942C9A2D63FD7300F5B9A1 /* PinnedColumnCell.swift */ = {isa = PBXFileReference; lastKnownFileType = sourcecode.swift; path = PinnedColumnCell.swift; sourceTree = "<group>"; };
		E1942C9C2D63FD9000F5B9A1 /* ColumnsCell.swift */ = {isa = PBXFileReference; lastKnownFileType = sourcecode.swift; path = ColumnsCell.swift; sourceTree = "<group>"; };
		E1942CA02D64331900F5B9A1 /* PinnedColumnBridgeRepresentable.swift */ = {isa = PBXFileReference; lastKnownFileType = sourcecode.swift; path = PinnedColumnBridgeRepresentable.swift; sourceTree = "<group>"; };
		E1942CA22D64334B00F5B9A1 /* PinnedColumnBridgeViewController.swift */ = {isa = PBXFileReference; lastKnownFileType = sourcecode.swift; path = PinnedColumnBridgeViewController.swift; sourceTree = "<group>"; };
		E19D10E62D3ED96000E3A55E /* GARCHHelper.swift */ = {isa = PBXFileReference; lastKnownFileType = sourcecode.swift; path = GARCHHelper.swift; sourceTree = "<group>"; };
		E19D10EA2D3EF69200E3A55E /* MempoolDataManager.swift */ = {isa = PBXFileReference; lastKnownFileType = sourcecode.swift; path = MempoolDataManager.swift; sourceTree = "<group>"; };
		E19D10EC2D40279200E3A55E /* SimulationSettings+Defaults.swift */ = {isa = PBXFileReference; lastKnownFileType = sourcecode.swift; path = "SimulationSettings+Defaults.swift"; sourceTree = "<group>"; };
		E19D10EE2D40290800E3A55E /* SimulationSettings+RestoreDefaults.swift */ = {isa = PBXFileReference; lastKnownFileType = sourcecode.swift; path = "SimulationSettings+RestoreDefaults.swift"; sourceTree = "<group>"; };
		E19D10F02D402BD800E3A55E /* SimulationSettings+ToggleAll.swift */ = {isa = PBXFileReference; lastKnownFileType = sourcecode.swift; path = "SimulationSettings+ToggleAll.swift"; sourceTree = "<group>"; };
		E19D10F22D4033D400E3A55E /* SimulationSettings+HashAndRun.swift */ = {isa = PBXFileReference; lastKnownFileType = sourcecode.swift; path = "SimulationSettings+HashAndRun.swift"; sourceTree = "<group>"; };
		E19D10F42D40D10C00E3A55E /* SimulationSettings+BullishFactors.swift */ = {isa = PBXFileReference; lastKnownFileType = sourcecode.swift; path = "SimulationSettings+BullishFactors.swift"; sourceTree = "<group>"; };
		E19D10F62D40D8C000E3A55E /* SimulationSettings+BearishFactors.swift */ = {isa = PBXFileReference; lastKnownFileType = sourcecode.swift; path = "SimulationSettings+BearishFactors.swift"; sourceTree = "<group>"; };
		E19D10F82D40E66100E3A55E /* InMemorySettings.swift */ = {isa = PBXFileReference; lastKnownFileType = sourcecode.swift; path = InMemorySettings.swift; sourceTree = "<group>"; };
		E19D11392D42F74E00E3A55E /* MarketRegime.swift */ = {isa = PBXFileReference; lastKnownFileType = sourcecode.swift; path = MarketRegime.swift; sourceTree = "<group>"; };
		E19D113B2D42F81A00E3A55E /* UtilityExtensions.swift */ = {isa = PBXFileReference; lastKnownFileType = sourcecode.swift; path = UtilityExtensions.swift; sourceTree = "<group>"; };
		E19D113D2D42F90F00E3A55E /* AnnualStepAdjustFactor.swift */ = {isa = PBXFileReference; lastKnownFileType = sourcecode.swift; path = AnnualStepAdjustFactor.swift; sourceTree = "<group>"; };
		E19D113F2D42F97600E3A55E /* DampenOutliers.swift */ = {isa = PBXFileReference; lastKnownFileType = sourcecode.swift; path = DampenOutliers.swift; sourceTree = "<group>"; };
		E19D11412D42F9E500E3A55E /* NetDeposit.swift */ = {isa = PBXFileReference; lastKnownFileType = sourcecode.swift; path = NetDeposit.swift; sourceTree = "<group>"; };
		E19D11432D42FA6600E3A55E /* RNGHelpers.swift */ = {isa = PBXFileReference; lastKnownFileType = sourcecode.swift; path = RNGHelpers.swift; sourceTree = "<group>"; };
		E19D11452D42FCAC00E3A55E /* FactorToggles.swift */ = {isa = PBXFileReference; lastKnownFileType = sourcecode.swift; path = FactorToggles.swift; sourceTree = "<group>"; };
		E1A1E51E2D2A7362008F7658 /* PortfolioChartView.swift */ = {isa = PBXFileReference; lastKnownFileType = sourcecode.swift; path = PortfolioChartView.swift; sourceTree = "<group>"; };
		E1A1E5262D2E371B008F7658 /* TipsData.swift */ = {isa = PBXFileReference; lastKnownFileType = sourcecode.swift; path = TipsData.swift; sourceTree = "<group>"; };
		E1A1E5282D2E38F9008F7658 /* CheckboxToggleStyle.swift */ = {isa = PBXFileReference; lastKnownFileType = sourcecode.swift; path = CheckboxToggleStyle.swift; sourceTree = "<group>"; };
		E1A1E52A2D2E3967008F7658 /* InteractiveBitcoinSymbol3DSpinner.swift */ = {isa = PBXFileReference; lastKnownFileType = sourcecode.swift; path = InteractiveBitcoinSymbol3DSpinner.swift; sourceTree = "<group>"; };
		E1A1E52C2D2E39E3008F7658 /* SnapshotExtensions.swift */ = {isa = PBXFileReference; lastKnownFileType = sourcecode.swift; path = SnapshotExtensions.swift; sourceTree = "<group>"; };
		E1A1E52E2D2E3A3E008F7658 /* RowOffsetHelpers.swift */ = {isa = PBXFileReference; lastKnownFileType = sourcecode.swift; path = RowOffsetHelpers.swift; sourceTree = "<group>"; };
		E1B7B09A2D44DEAC00B60EC6 /* AdvancedSettingsSection.swift */ = {isa = PBXFileReference; lastKnownFileType = sourcecode.swift; path = AdvancedSettingsSection.swift; sourceTree = "<group>"; };
		E1B7B09C2D44E0CE00B60EC6 /* BullishFactorsSection.swift */ = {isa = PBXFileReference; lastKnownFileType = sourcecode.swift; path = BullishFactorsSection.swift; sourceTree = "<group>"; };
		E1B7B09E2D44E44700B60EC6 /* BearishFactorsSection.swift */ = {isa = PBXFileReference; lastKnownFileType = sourcecode.swift; path = BearishFactorsSection.swift; sourceTree = "<group>"; };
		E1B7B0A02D44FD3400B60EC6 /* BigNumberExtensions.swift */ = {isa = PBXFileReference; lastKnownFileType = sourcecode.swift; path = BigNumberExtensions.swift; sourceTree = "<group>"; };
		E1B7B0A42D47532B00B60EC6 /* UIComponents.swift */ = {isa = PBXFileReference; lastKnownFileType = sourcecode.swift; path = UIComponents.swift; sourceTree = "<group>"; };
		E1B7B0A62D4753CC00B60EC6 /* ShiftFactors.swift */ = {isa = PBXFileReference; lastKnownFileType = sourcecode.swift; path = ShiftFactors.swift; sourceTree = "<group>"; };
		E1B7B0A82D47575200B60EC6 /* SettingsSections.swift */ = {isa = PBXFileReference; lastKnownFileType = sourcecode.swift; path = SettingsSections.swift; sourceTree = "<group>"; };
		E1B7B0AA2D4759D300B60EC6 /* SettingsWatchers.swift */ = {isa = PBXFileReference; lastKnownFileType = sourcecode.swift; path = SettingsWatchers.swift; sourceTree = "<group>"; };
		E1C543B72D224D21005E416D /* MonteCarloResultsView.swift */ = {isa = PBXFileReference; lastKnownFileType = sourcecode.swift; path = MonteCarloResultsView.swift; sourceTree = "<group>"; };
		E1C543B92D22839F005E416D /* YearlyPercentileData.swift */ = {isa = PBXFileReference; lastKnownFileType = sourcecode.swift; path = YearlyPercentileData.swift; sourceTree = "<group>"; };
		E1CFF0262D30D07800D9D044 /* ChartBuilders.swift */ = {isa = PBXFileReference; lastKnownFileType = sourcecode.swift; path = ChartBuilders.swift; sourceTree = "<group>"; };
		E1E31C4A2D43352200ED22E6 /* ExtendedBootstrapSimulator.swift */ = {isa = PBXFileReference; lastKnownFileType = sourcecode.swift; path = ExtendedBootstrapSimulator.swift; sourceTree = "<group>"; };
		E1E31C4C2D433DB600ED22E6 /* BlockBootstrapSimulator.swift */ = {isa = PBXFileReference; lastKnownFileType = sourcecode.swift; path = BlockBootstrapSimulator.swift; sourceTree = "<group>"; };
		E1E31C4E2D4349DE00ED22E6 /* DataLoader.swift */ = {isa = PBXFileReference; lastKnownFileType = sourcecode.swift; path = DataLoader.swift; sourceTree = "<group>"; };
		E1E31C502D438DD700ED22E6 /* GarchCalibrator.swift */ = {isa = PBXFileReference; lastKnownFileType = sourcecode.swift; path = GarchCalibrator.swift; sourceTree = "<group>"; };
		E1F1CB5F2D4EF177003DB24F /* CalibrationManager.swift */ = {isa = PBXFileReference; lastKnownFileType = sourcecode.swift; path = CalibrationManager.swift; sourceTree = "<group>"; };
		E1F1CB612D4F081B003DB24F /* HalvingHistoricalManager.swift */ = {isa = PBXFileReference; lastKnownFileType = sourcecode.swift; path = HalvingHistoricalManager.swift; sourceTree = "<group>"; };
		E1F1CB632D4F2F0C003DB24F /* HistoricalDataCache.swift */ = {isa = PBXFileReference; lastKnownFileType = sourcecode.swift; path = HistoricalDataCache.swift; sourceTree = "<group>"; };
		E1F1CB652D4F31B9003DB24F /* ParallelSimulationRunner.swift */ = {isa = PBXFileReference; lastKnownFileType = sourcecode.swift; path = ParallelSimulationRunner.swift; sourceTree = "<group>"; };
		E1F1CB672D4F3366003DB24F /* SimulationUtilities.swift */ = {isa = PBXFileReference; lastKnownFileType = sourcecode.swift; path = SimulationUtilities.swift; sourceTree = "<group>"; };
/* End PBXFileReference section */

/* Begin PBXFrameworksBuildPhase section */
		E11B45972CEE8D53006B0594 /* Frameworks */ = {
			isa = PBXFrameworksBuildPhase;
			buildActionMask = 2147483647;
			files = (
			);
			runOnlyForDeploymentPostprocessing = 0;
		};
		E12CCD852CF8235F0059931D /* Frameworks */ = {
			isa = PBXFrameworksBuildPhase;
			buildActionMask = 2147483647;
			files = (
				E17DDF9C2D1BD13E008700A8 /* PocketSVG in Frameworks */,
			);
			runOnlyForDeploymentPostprocessing = 0;
		};
/* End PBXFrameworksBuildPhase section */

/* Begin PBXGroup section */
		E11B45912CEE8D53006B0594 = {
			isa = PBXGroup;
			children = (
				E12CCD892CF8235F0059931D /* BTC Simulator */,
				E1CDC7812D1BC85900F89006 /* Frameworks */,
				E11B459B2CEE8D53006B0594 /* Products */,
			);
			sourceTree = "<group>";
		};
		E11B459B2CEE8D53006B0594 /* Products */ = {
			isa = PBXGroup;
			children = (
				E11B459A2CEE8D53006B0594 /* BTCMonteCarlo.app */,
				E12CCD882CF8235F0059931D /* Bitcoin HODL Simulator.app */,
			);
			name = Products;
			sourceTree = "<group>";
		};
		E12CCD892CF8235F0059931D /* BTC Simulator */ = {
			isa = PBXGroup;
			children = (
				E1883F472D1E8E1C007AA90B /* AboutView.swift */,
				E1883F3D2D1E0D75007AA90B /* ActiveField.swift */,
				E1B7B09A2D44DEAC00B60EC6 /* AdvancedSettingsSection.swift */,
				E19D113D2D42F90F00E3A55E /* AnnualStepAdjustFactor.swift */,
				E14344DD2D545C9D00225A49 /* ApplyDictionaryFactorsToSim.swift */,
				E1B7B09E2D44E44700B60EC6 /* BearishFactorsSection.swift */,
				E1B7B0A02D44FD3400B60EC6 /* BigNumberExtensions.swift */,
				E191AD5C2D1B06E000020DBE /* BitcoinHistoricalData.swift */,
				E1883F512D1FDDB0007AA90B /* BitcoinShapes.swift */,
				E1E31C4C2D433DB600ED22E6 /* BlockBootstrapSimulator.swift */,
				E14AED832D69794A0068B2A5 /* Bridging screen */,
				E12CCD8A2CF8235F0059931D /* BTC_SimulatorApp.swift */,
				E1B7B09C2D44E0CE00B60EC6 /* BullishFactorsSection.swift */,
				E1F1CB5F2D4EF177003DB24F /* CalibrationManager.swift */,
				E1CFF0262D30D07800D9D044 /* ChartBuilders.swift */,
				E18C2BE02D259245006E7438 /* ChartSnapshotView.swift */,
				E130933D2D70150F00DA6418 /* ChartUtilities.swift */,
				E1A1E5282D2E38F9008F7658 /* CheckboxToggleStyle.swift */,
				E1942C9C2D63FD9000F5B9A1 /* ColumnsCell.swift */,
				E166A8B12CF85B2B0003F518 /* ContentView.swift */,
				E191AD662D1B763E00020DBE /* CSVLoaderBTC.swift */,
				E191AD5E2D1B07B800020DBE /* CSVLoaderHistorical.swift */,
				E191AD622D1B0C9100020DBE /* CSVLoaderSP500.swift */,
				E191AD642D1B0D5200020DBE /* CSVParsingUtilities.swift */,
				E19D113F2D42F97600E3A55E /* DampenOutliers.swift */,
				E1E31C4E2D4349DE00ED22E6 /* DataLoader.swift */,
				E1E31C4A2D43352200ED22E6 /* ExtendedBootstrapSimulator.swift */,
				E14344D72D52DE5300225A49 /* FactorCatalog.swift */,
				E15DDF4C2D5AECB900CDD30A /* FactorIntensitySection.swift */,
				E14344D52D52D85400225A49 /* FactorState.swift */,
				E19D11452D42FCAC00E3A55E /* FactorToggles.swift */,
				E15DDF502D5D6F1900CDD30A /* FactorTogglesMonthly.swift */,
				E1883F432D1E69B5007AA90B /* FactorToggleRow.swift */,
				E1E31C502D438DD700ED22E6 /* GarchCalibrator.swift */,
				E19D10E62D3ED96000E3A55E /* GARCHHelper.swift */,
				E1F1CB612D4F081B003DB24F /* HalvingHistoricalManager.swift */,
				E1F1CB632D4F2F0C003DB24F /* HistoricalDataCache.swift */,
				E19D10F82D40E66100E3A55E /* InMemorySettings.swift */,
				E1883F3F2D1E0DC8007AA90B /* InputManager.swift */,
				E1A1E52A2D2E3967008F7658 /* InteractiveBitcoinSymbol3DSpinner.swift */,
				E130933F2D70360200DA6418 /* InteractiveMonteCarloChartView.swift */,
				E17B2F272D27505100ECE087 /* LandscapePlaceholderView.swift */,
				E1942C902D628F2400F5B9A1 /* LoadingOverlayView.swift */,
				E112E3752D58B73800167E92 /* MailView.swift */,
				E19D11392D42F74E00E3A55E /* MarketRegime.swift */,
				E19D10EA2D3EF69200E3A55E /* MempoolDataManager.swift */,
				E13093492D7076F400DA6418 /* MetalChart */,
				E166A8AD2CF855BF0003F518 /* MonteCarloSimulator.swift */,
				E1C543B72D224D21005E416D /* MonteCarloResultsView.swift */,
				E15DDF462D5A5A3700CDD30A /* MonthlySimulationSettings.swift */,
				E15DDF482D5AD0EC00CDD30A /* MonthlySimulationSettings+FactorSync.swift */,
				E19D11412D42F9E500E3A55E /* NetDeposit.swift */,
				E14AED7D2D686A3E0068B2A5 /* NumericExtensions.swift */,
				E1883F4F2D1FCEB9007AA90B /* OnboardingView.swift */,
				E1942C8E2D61C50800F5B9A1 /* OnboardingSteps.swift */,
				E17B2F7F2D2800D100ECE087 /* OrientationObserver.swift */,
				E1F1CB652D4F31B9003DB24F /* ParallelSimulationRunner.swift */,
				E15DDF4E2D5B3AC000CDD30A /* ParameterEntryView.swift */,
				E1883F3B2D1DDC75007AA90B /* ParametersFormView.swift */,
				E1A1E51E2D2A7362008F7658 /* PortfolioChartView.swift */,
				E15DDF4A2D5AE1EF00CDD30A /* RestoreDefaultsMonthly.swift */,
				E19D11432D42FA6600E3A55E /* RNGHelpers.swift */,
				E1A1E52E2D2E3A3E008F7658 /* RowOffsetHelpers.swift */,
				E14D24082D3A677D007CC11A /* SettingsPrinter.swift */,
				E1883F372D1DD4C5007AA90B /* SettingsView.swift */,
				E1B7B0A82D47575200B60EC6 /* SettingsSections.swift */,
				E1B7B0AA2D4759D300B60EC6 /* SettingsWatchers.swift */,
				E1B7B0A62D4753CC00B60EC6 /* ShiftFactors.swift */,
				E17B2F212D26A9F000ECE087 /* SimulationCoordinator.swift */,
				E166A8AF2CF855C20003F518 /* SimulationData.swift */,
				E13093432D70601200DA6418 /* SimulationRun.swift */,
				E1883F392D1DD94C007AA90B /* SimulationSettings.swift */,
				E19D10F62D40D8C000E3A55E /* SimulationSettings+BearishFactors.swift */,
				E19D10F42D40D10C00E3A55E /* SimulationSettings+BullishFactors.swift */,
				E19D10EC2D40279200E3A55E /* SimulationSettings+Defaults.swift */,
				E14344D92D53553800225A49 /* SimulationSettings+FactorSync.swift */,
				E19D10F22D4033D400E3A55E /* SimulationSettings+HashAndRun.swift */,
				E14D240A2D3A6988007CC11A /* SimulationSettingsInit.swift */,
				E19D10EE2D40290800E3A55E /* SimulationSettings+RestoreDefaults.swift */,
				E19D10F02D402BD800E3A55E /* SimulationSettings+ToggleAll.swift */,
				E14D24102D3A9524007CC11A /* SimulationSettings+UnifiedFactors.swift */,
				E14D23F42D374258007CC11A /* SimulationSummaryCardView.swift */,
				E1F1CB672D4F3366003DB24F /* SimulationUtilities.swift */,
				E1A1E52C2D2E39E3008F7658 /* SnapshotExtensions.swift */,
				E12687AD2D779C5100CCB818 /* TestHarnessView.swift */,
				E1A1E5262D2E371B008F7658 /* TipsData.swift */,
				E1B7B0A42D47532B00B60EC6 /* UIComponents.swift */,
				E19D113B2D42F81A00E3A55E /* UtilityExtensions.swift */,
				E1883F412D1E43D7007AA90B /* VisualEffectBlur.swift */,
				E1C543B92D22839F005E416D /* YearlyPercentileData.swift */,
				E14D23FE2D3A251F007CC11A /* Bitcoin Historical Data Monthly.csv */,
				E14D23F72D3A2260007CC11A /* Bitcoin Historical Data Weekly.csv */,
				E14D23F82D3A2260007CC11A /* S&P 500 Historical Data Monthly.csv */,
				E14D23F92D3A2260007CC11A /* S&P 500 Historical Data Weekly.csv */,
				E12CCD8E2CF823610059931D /* Assets.xcassets */,
				E12CCD902CF823610059931D /* Preview Content */,
			);
			path = "BTC Simulator";
			sourceTree = "<group>";
		};
		E12CCD902CF823610059931D /* Preview Content */ = {
			isa = PBXGroup;
			children = (
				E166A8B32CF8659D0003F518 /* BTC20YearProjection.csv */,
				E166A8B52CF866910003F518 /* BTCMonteCarloSimulator.entitlements */,
				E12CCD912CF823610059931D /* Preview Assets.xcassets */,
			);
			path = "Preview Content";
			sourceTree = "<group>";
		};
		E13093492D7076F400DA6418 /* MetalChart */ = {
			isa = PBXGroup;
			children = (
				E13093602D70A35300DA6418 /* AxisShaders.metal */,
				E13093412D703BFE00DA6418 /* ChartShaders.metal */,
				E130935C2D70A0A600DA6418 /* FontAtlasGenerator.swift */,
				E13093542D709BC800DA6418 /* GPUFontAtlas.swift */,
				E13093562D709BF200DA6418 /* GPUTextRenderer.swift */,
				E13093662D71CB1500DA6418 /* IdleManager.swift */,
				E13093452D7076B700DA6418 /* MetalChartContainerView.swift */,
				E130934A2D70773B00DA6418 /* MetalChartGestureCoordinator.swift */,
				E130934C2D70779300DA6418 /* MetalChartRenderer.swift */,
				E13093472D7076E000DA6418 /* MetalChartUIView.swift */,
				E130935A2D709E6200DA6418 /* Pinned Axes Renderer.swift */,
				E12687482D7650DF00CCB818 /* PinnedAxesRenderer+Extensions.swift */,
				E13093522D709BB000DA6418 /* SDFGenerator.metal */,
				E13093622D71799200DA6418 /* TextRendererManager.swift */,
				E13093582D709C1300DA6418 /* TextSDFShaders.metal */,
				E130934E2D709B5E00DA6418 /* TTFParser.swift */,
			);
			path = MetalChart;
			sourceTree = "<group>";
		};
		E14AED832D69794A0068B2A5 /* Bridging screen */ = {
			isa = PBXGroup;
			children = (
				E14AED732D6857A30068B2A5 /* CenterSnapFlowLayout.swift */,
				E18B2D682D6BE0B0005E5EDE /* ChartHostingController.swift */,
				E14AED6F2D684DA20068B2A5 /* ColumnsCollectionCell.swift */,
				E14AED6D2D684D020068B2A5 /* ColumnsCollectionViewController.swift */,
				E166A8B82CF955E80003F518 /* ContentOffsetScrollView.swift */,
				E18B2D5E2D6A7ACA005E5EDE /* CustomBarViewController.swift */,
				E13093322D6D8B1B00DA6418 /* LandscapeLayoutCoordinator.swift */,
				E14AED812D6960E00068B2A5 /* OneColumnCell.swift */,
				E1942CA02D64331900F5B9A1 /* PinnedColumnBridgeRepresentable.swift */,
				E14AED842D69A2780068B2A5 /* PinnedColumnBridgeRepresentableUIKit.swift */,
				E1942CA22D64334B00F5B9A1 /* PinnedColumnBridgeViewController.swift */,
				E1942C9A2D63FD7300F5B9A1 /* PinnedColumnCell.swift */,
				E1942C962D63FD0900F5B9A1 /* PinnedColumnTablesRepresentable.swift */,
				E13093342D6D8CA300DA6418 /* PinnedColumnTablesLandscapeViewController.swift */,
				E1942C982D63FD5E00F5B9A1 /* PinnedColumnTablesViewController.swift */,
				E13093302D6D8AFA00DA6418 /* PortraitLayoutCoordinator.swift */,
				E18B2D6E2D6C40D3005E5EDE /* SnapFixedWidthFlowLayout.swift */,
				E18B2D6C2D6C2151005E5EDE /* SnapHalfPageFlowLayout.swift */,
				E18B2D6A2D6C1C7D005E5EDE /* SnapOneColumnFlowLayout.swift */,
				E14AED7F2D69606F0068B2A5 /* SnapTwoColumnsFlowLayout.swift */,
				E14AED712D6857820068B2A5 /* TwoColumnChunker.swift */,
				E14AED752D6857C40068B2A5 /* TwoColumnCollectionViewController.swift */,
			);
			path = "Bridging screen";
			sourceTree = "<group>";
		};
		E1CDC7812D1BC85900F89006 /* Frameworks */ = {
			isa = PBXGroup;
			children = (
			);
			name = Frameworks;
			sourceTree = "<group>";
		};
/* End PBXGroup section */

/* Begin PBXNativeTarget section */
		E11B45992CEE8D53006B0594 /* BTCMonteCarlo */ = {
			isa = PBXNativeTarget;
			buildConfigurationList = E11B45A92CEE8D56006B0594 /* Build configuration list for PBXNativeTarget "BTCMonteCarlo" */;
			buildPhases = (
				E11B45962CEE8D53006B0594 /* Sources */,
				E11B45972CEE8D53006B0594 /* Frameworks */,
				E11B45982CEE8D53006B0594 /* Resources */,
			);
			buildRules = (
			);
			dependencies = (
			);
			name = BTCMonteCarlo;
			productName = BTCMoteCarlo;
			productReference = E11B459A2CEE8D53006B0594 /* BTCMonteCarlo.app */;
			productType = "com.apple.product-type.application";
		};
		E12CCD872CF8235F0059931D /* BTC Simulator */ = {
			isa = PBXNativeTarget;
			buildConfigurationList = E12CCD952CF823610059931D /* Build configuration list for PBXNativeTarget "BTC Simulator" */;
			buildPhases = (
				E12CCD842CF8235F0059931D /* Sources */,
				E12CCD852CF8235F0059931D /* Frameworks */,
				E12CCD862CF8235F0059931D /* Resources */,
				E112E3722D58B00F00167E92 /* Embed Frameworks */,
			);
			buildRules = (
			);
			dependencies = (
			);
			name = "BTC Simulator";
			productName = "BTC Simulator";
			productReference = E12CCD882CF8235F0059931D /* Bitcoin HODL Simulator.app */;
			productType = "com.apple.product-type.application";
		};
/* End PBXNativeTarget section */

/* Begin PBXProject section */
		E11B45922CEE8D53006B0594 /* Project object */ = {
			isa = PBXProject;
			attributes = {
				BuildIndependentTargetsInParallel = 1;
				LastSwiftUpdateCheck = 1530;
				LastUpgradeCheck = 1610;
				TargetAttributes = {
					E11B45992CEE8D53006B0594 = {
						CreatedOnToolsVersion = 15.3;
					};
					E12CCD872CF8235F0059931D = {
						CreatedOnToolsVersion = 15.3;
					};
				};
			};
			buildConfigurationList = E11B45952CEE8D53006B0594 /* Build configuration list for PBXProject "BTCMonteCarlo" */;
			compatibilityVersion = "Xcode 14.0";
			developmentRegion = en;
			hasScannedForEncodings = 0;
			knownRegions = (
				en,
				Base,
			);
			mainGroup = E11B45912CEE8D53006B0594;
			packageReferences = (
				E17A48022CF17A0300AAC885 /* XCRemoteSwiftPackageReference "swiftplot" */,
				E17DDF9A2D1BD13E008700A8 /* XCRemoteSwiftPackageReference "PocketSVG" */,
			);
			productRefGroup = E11B459B2CEE8D53006B0594 /* Products */;
			projectDirPath = "";
			projectRoot = "";
			targets = (
				E11B45992CEE8D53006B0594 /* BTCMonteCarlo */,
				E12CCD872CF8235F0059931D /* BTC Simulator */,
			);
		};
/* End PBXProject section */

/* Begin PBXResourcesBuildPhase section */
		E11B45982CEE8D53006B0594 /* Resources */ = {
			isa = PBXResourcesBuildPhase;
			buildActionMask = 2147483647;
			files = (
			);
			runOnlyForDeploymentPostprocessing = 0;
		};
		E12CCD862CF8235F0059931D /* Resources */ = {
			isa = PBXResourcesBuildPhase;
			buildActionMask = 2147483647;
			files = (
				E166A8B42CF8659D0003F518 /* BTC20YearProjection.csv in Resources */,
				E14D23FF2D3A251F007CC11A /* Bitcoin Historical Data Monthly.csv in Resources */,
				E12CCD922CF823610059931D /* Preview Assets.xcassets in Resources */,
				E14D23FA2D3A2260007CC11A /* S&P 500 Historical Data Monthly.csv in Resources */,
				E14D23FC2D3A2260007CC11A /* Bitcoin Historical Data Weekly.csv in Resources */,
				E14D23FD2D3A2260007CC11A /* S&P 500 Historical Data Weekly.csv in Resources */,
				E12CCD8F2CF823610059931D /* Assets.xcassets in Resources */,
			);
			runOnlyForDeploymentPostprocessing = 0;
		};
/* End PBXResourcesBuildPhase section */

/* Begin PBXSourcesBuildPhase section */
		E11B45962CEE8D53006B0594 /* Sources */ = {
			isa = PBXSourcesBuildPhase;
			buildActionMask = 2147483647;
			files = (
			);
			runOnlyForDeploymentPostprocessing = 0;
		};
		E12CCD842CF8235F0059931D /* Sources */ = {
			isa = PBXSourcesBuildPhase;
			buildActionMask = 2147483647;
			files = (
				E14D23F52D37425D007CC11A /* SimulationSummaryCardView.swift in Sources */,
				E1F1CB662D4F31BA003DB24F /* ParallelSimulationRunner.swift in Sources */,
				E130933E2D70151100DA6418 /* ChartUtilities.swift in Sources */,
				E19D113E2D42F91100E3A55E /* AnnualStepAdjustFactor.swift in Sources */,
				E19D11462D42FCAE00E3A55E /* FactorToggles.swift in Sources */,
				E1B7B09F2D44E44A00B60EC6 /* BearishFactorsSection.swift in Sources */,
				E14D24112D3A9525007CC11A /* SimulationSettings+UnifiedFactors.swift in Sources */,
				E1883F522D1FDDB2007AA90B /* BitcoinShapes.swift in Sources */,
				E19D10ED2D40279600E3A55E /* SimulationSettings+Defaults.swift in Sources */,
				E191AD5F2D1B07BC00020DBE /* CSVLoaderHistorical.swift in Sources */,
				E14AED722D6857840068B2A5 /* TwoColumnChunker.swift in Sources */,
				E166A8B02CF855C20003F518 /* SimulationData.swift in Sources */,
				E130934B2D70773D00DA6418 /* MetalChartGestureCoordinator.swift in Sources */,
				E19D10F12D402BDC00E3A55E /* SimulationSettings+ToggleAll.swift in Sources */,
				E1B7B0A92D47575400B60EC6 /* SettingsSections.swift in Sources */,
				E191AD5D2D1B06E600020DBE /* BitcoinHistoricalData.swift in Sources */,
				E1883F482D1E8E21007AA90B /* AboutView.swift in Sources */,
				E12687AE2D779C5300CCB818 /* TestHarnessView.swift in Sources */,
				E18B2D6B2D6C1C7F005E5EDE /* SnapOneColumnFlowLayout.swift in Sources */,
				E15DDF492D5AD0F100CDD30A /* MonthlySimulationSettings+FactorSync.swift in Sources */,
				E17B2F282D27505300ECE087 /* LandscapePlaceholderView.swift in Sources */,
				E166A8B22CF85B2B0003F518 /* ContentView.swift in Sources */,
				E19D10EB2D3EF69300E3A55E /* MempoolDataManager.swift in Sources */,
				E1C543B82D224D23005E416D /* MonteCarloResultsView.swift in Sources */,
				E14AED802D6960730068B2A5 /* SnapTwoColumnsFlowLayout.swift in Sources */,
				E1942C9B2D63FD7500F5B9A1 /* PinnedColumnCell.swift in Sources */,
				E130934D2D70779500DA6418 /* MetalChartRenderer.swift in Sources */,
				E13093612D70A35300DA6418 /* AxisShaders.metal in Sources */,
				E1C543BA2D2283A2005E416D /* YearlyPercentileData.swift in Sources */,
				E1883F502D1FCEBD007AA90B /* OnboardingView.swift in Sources */,
				E19D11442D42FA6800E3A55E /* RNGHelpers.swift in Sources */,
				E14344DA2D53553D00225A49 /* SimulationSettings+FactorSync.swift in Sources */,
				E18B2D5F2D6A7ACC005E5EDE /* CustomBarViewController.swift in Sources */,
				E112E3762D58B73A00167E92 /* MailView.swift in Sources */,
				E13093402D70360500DA6418 /* InteractiveMonteCarloChartView.swift in Sources */,
				E1A1E52F2D2E3A40008F7658 /* RowOffsetHelpers.swift in Sources */,
				E17B2F802D2800D400ECE087 /* OrientationObserver.swift in Sources */,
				E130935B2D709E6400DA6418 /* Pinned Axes Renderer.swift in Sources */,
				E13093532D709BB000DA6418 /* SDFGenerator.metal in Sources */,
				E19D113C2D42F81C00E3A55E /* UtilityExtensions.swift in Sources */,
				E12687492D7650E100CCB818 /* PinnedAxesRenderer+Extensions.swift in Sources */,
				E13093632D71799400DA6418 /* TextRendererManager.swift in Sources */,
				E19D113A2D42F75000E3A55E /* MarketRegime.swift in Sources */,
				E14AED742D6857A50068B2A5 /* CenterSnapFlowLayout.swift in Sources */,
				E19D10F92D40E66200E3A55E /* InMemorySettings.swift in Sources */,
				E1883F402D1E0DCB007AA90B /* InputManager.swift in Sources */,
				E13093462D7076BA00DA6418 /* MetalChartContainerView.swift in Sources */,
				E191AD672D1B764400020DBE /* CSVLoaderBTC.swift in Sources */,
				E1A1E5292D2E38FA008F7658 /* CheckboxToggleStyle.swift in Sources */,
				E19D11422D42F9E600E3A55E /* NetDeposit.swift in Sources */,
				E15DDF4F2D5B3AC500CDD30A /* ParameterEntryView.swift in Sources */,
				E1942C912D628F2600F5B9A1 /* LoadingOverlayView.swift in Sources */,
				E14344DE2D545CA600225A49 /* ApplyDictionaryFactorsToSim.swift in Sources */,
				E18B2D6D2D6C2153005E5EDE /* SnapHalfPageFlowLayout.swift in Sources */,
				E166A8B92CF955ED0003F518 /* ContentOffsetScrollView.swift in Sources */,
				E14344D82D52DE5500225A49 /* FactorCatalog.swift in Sources */,
				E19D10F32D4033D600E3A55E /* SimulationSettings+HashAndRun.swift in Sources */,
				E191AD632D1B0C9400020DBE /* CSVLoaderSP500.swift in Sources */,
				E14AED762D6857C70068B2A5 /* TwoColumnCollectionViewController.swift in Sources */,
				E191AD652D1B0D5700020DBE /* CSVParsingUtilities.swift in Sources */,
				E19D10F72D40D8E100E3A55E /* SimulationSettings+BearishFactors.swift in Sources */,
				E1B7B0AB2D4759D800B60EC6 /* SettingsWatchers.swift in Sources */,
				E1F1CB642D4F2F0E003DB24F /* HistoricalDataCache.swift in Sources */,
				E19D10E72D3ED96200E3A55E /* GARCHHelper.swift in Sources */,
				E130934F2D709B5F00DA6418 /* TTFParser.swift in Sources */,
				E1B7B09D2D44E0D000B60EC6 /* BullishFactorsSection.swift in Sources */,
				E14AED7E2D686A400068B2A5 /* NumericExtensions.swift in Sources */,
				E19D10EF2D40290A00E3A55E /* SimulationSettings+RestoreDefaults.swift in Sources */,
				E18B2D6F2D6C40D9005E5EDE /* SnapFixedWidthFlowLayout.swift in Sources */,
				E1883F3C2D1DDC78007AA90B /* ParametersFormView.swift in Sources */,
				E18C2BE12D259248006E7438 /* ChartSnapshotView.swift in Sources */,
				E14AED6E2D684D040068B2A5 /* ColumnsCollectionViewController.swift in Sources */,
				E13093442D70601700DA6418 /* SimulationRun.swift in Sources */,
				E14AED702D684DA40068B2A5 /* ColumnsCollectionCell.swift in Sources */,
				E1A1E52D2D2E39E4008F7658 /* SnapshotExtensions.swift in Sources */,
				E1A1E51F2D2A7364008F7658 /* PortfolioChartView.swift in Sources */,
				E15DDF4D2D5AECBB00CDD30A /* FactorIntensitySection.swift in Sources */,
				E1F1CB682D4F3369003DB24F /* SimulationUtilities.swift in Sources */,
				E18B2D692D6BE0B2005E5EDE /* ChartHostingController.swift in Sources */,
				E1883F442D1E69B9007AA90B /* FactorToggleRow.swift in Sources */,
				E17B2F222D26A9F300ECE087 /* SimulationCoordinator.swift in Sources */,
				E14AED822D6960E50068B2A5 /* OneColumnCell.swift in Sources */,
				E1E31C4B2D43352300ED22E6 /* ExtendedBootstrapSimulator.swift in Sources */,
				E15DDF512D5D6F2200CDD30A /* FactorTogglesMonthly.swift in Sources */,
				E1F1CB602D4EF179003DB24F /* CalibrationManager.swift in Sources */,
				E14344D62D52D85600225A49 /* FactorState.swift in Sources */,
				E19D11402D42F97700E3A55E /* DampenOutliers.swift in Sources */,
				E15DDF4B2D5AE1F700CDD30A /* RestoreDefaultsMonthly.swift in Sources */,
				E12CCD8B2CF8235F0059931D /* BTC_SimulatorApp.swift in Sources */,
				E13093552D709BCA00DA6418 /* GPUFontAtlas.swift in Sources */,
				E1A1E5272D2E371D008F7658 /* TipsData.swift in Sources */,
				E13093592D709C1300DA6418 /* TextSDFShaders.metal in Sources */,
				E13093312D6D8AFC00DA6418 /* PortraitLayoutCoordinator.swift in Sources */,
				E1E31C4F2D4349E000ED22E6 /* DataLoader.swift in Sources */,
				E1B7B0A72D4753CF00B60EC6 /* ShiftFactors.swift in Sources */,
				E13093672D71CB1700DA6418 /* IdleManager.swift in Sources */,
				E14D240B2D3A698A007CC11A /* SimulationSettingsInit.swift in Sources */,
				E1E31C512D438DD900ED22E6 /* GarchCalibrator.swift in Sources */,
				E1942CA32D64334D00F5B9A1 /* PinnedColumnBridgeViewController.swift in Sources */,
				E1F1CB622D4F081D003DB24F /* HalvingHistoricalManager.swift in Sources */,
				E13093352D6D8CA300DA6418 /* PinnedColumnTablesLandscapeViewController.swift in Sources */,
				E1883F3E2D1E0D7A007AA90B /* ActiveField.swift in Sources */,
				E14AED852D69A27B0068B2A5 /* PinnedColumnBridgeRepresentableUIKit.swift in Sources */,
				E1942C992D63FD6200F5B9A1 /* PinnedColumnTablesViewController.swift in Sources */,
				E1942C8F2D61C50A00F5B9A1 /* OnboardingSteps.swift in Sources */,
				E19D10F52D40D10E00E3A55E /* SimulationSettings+BullishFactors.swift in Sources */,
				E1942C972D63FD0C00F5B9A1 /* PinnedColumnTablesRepresentable.swift in Sources */,
				E13093572D709BF400DA6418 /* GPUTextRenderer.swift in Sources */,
				E1A1E52B2D2E3975008F7658 /* InteractiveBitcoinSymbol3DSpinner.swift in Sources */,
				E1B7B0A12D44FD3600B60EC6 /* BigNumberExtensions.swift in Sources */,
				E1E31C4D2D433DB800ED22E6 /* BlockBootstrapSimulator.swift in Sources */,
				E1883F3A2D1DD94F007AA90B /* SimulationSettings.swift in Sources */,
				E1B7B09B2D44DEAF00B60EC6 /* AdvancedSettingsSection.swift in Sources */,
				E14D24092D3A677F007CC11A /* SettingsPrinter.swift in Sources */,
				E13093422D703BFE00DA6418 /* ChartShaders.metal in Sources */,
				E1883F422D1E43DB007AA90B /* VisualEffectBlur.swift in Sources */,
				E166A8AE2CF855BF0003F518 /* MonteCarloSimulator.swift in Sources */,
				E130935D2D70A0A800DA6418 /* FontAtlasGenerator.swift in Sources */,
				E1942CA12D64331C00F5B9A1 /* PinnedColumnBridgeRepresentable.swift in Sources */,
				E1CFF0272D30D07A00D9D044 /* ChartBuilders.swift in Sources */,
				E1883F382D1DD4C8007AA90B /* SettingsView.swift in Sources */,
				E1B7B0A52D47532D00B60EC6 /* UIComponents.swift in Sources */,
				E1942C9D2D63FD9200F5B9A1 /* ColumnsCell.swift in Sources */,
				E13093332D6D8B1D00DA6418 /* LandscapeLayoutCoordinator.swift in Sources */,
				E15DDF472D5A5A3A00CDD30A /* MonthlySimulationSettings.swift in Sources */,
				E13093482D7076E200DA6418 /* MetalChartUIView.swift in Sources */,
			);
			runOnlyForDeploymentPostprocessing = 0;
		};
/* End PBXSourcesBuildPhase section */

/* Begin XCBuildConfiguration section */
		E11B45A72CEE8D56006B0594 /* Debug */ = {
			isa = XCBuildConfiguration;
			buildSettings = {
				ALWAYS_SEARCH_USER_PATHS = NO;
				ASSETCATALOG_COMPILER_GENERATE_SWIFT_ASSET_SYMBOL_EXTENSIONS = YES;
				CLANG_ANALYZER_NONNULL = YES;
				CLANG_ANALYZER_NUMBER_OBJECT_CONVERSION = YES_AGGRESSIVE;
				CLANG_CXX_LANGUAGE_STANDARD = "gnu++20";
				CLANG_ENABLE_MODULES = YES;
				CLANG_ENABLE_OBJC_ARC = YES;
				CLANG_ENABLE_OBJC_WEAK = YES;
				CLANG_WARN_BLOCK_CAPTURE_AUTORELEASING = YES;
				CLANG_WARN_BOOL_CONVERSION = YES;
				CLANG_WARN_COMMA = YES;
				CLANG_WARN_CONSTANT_CONVERSION = YES;
				CLANG_WARN_DEPRECATED_OBJC_IMPLEMENTATIONS = YES;
				CLANG_WARN_DIRECT_OBJC_ISA_USAGE = YES_ERROR;
				CLANG_WARN_DOCUMENTATION_COMMENTS = YES;
				CLANG_WARN_EMPTY_BODY = YES;
				CLANG_WARN_ENUM_CONVERSION = YES;
				CLANG_WARN_INFINITE_RECURSION = YES;
				CLANG_WARN_INT_CONVERSION = YES;
				CLANG_WARN_NON_LITERAL_NULL_CONVERSION = YES;
				CLANG_WARN_OBJC_IMPLICIT_RETAIN_SELF = YES;
				CLANG_WARN_OBJC_LITERAL_CONVERSION = YES;
				CLANG_WARN_OBJC_ROOT_CLASS = YES_ERROR;
				CLANG_WARN_QUOTED_INCLUDE_IN_FRAMEWORK_HEADER = YES;
				CLANG_WARN_RANGE_LOOP_ANALYSIS = YES;
				CLANG_WARN_STRICT_PROTOTYPES = YES;
				CLANG_WARN_SUSPICIOUS_MOVE = YES;
				CLANG_WARN_UNGUARDED_AVAILABILITY = YES_AGGRESSIVE;
				CLANG_WARN_UNREACHABLE_CODE = YES;
				CLANG_WARN__DUPLICATE_METHOD_MATCH = YES;
				COPY_PHASE_STRIP = NO;
				DEAD_CODE_STRIPPING = YES;
				DEBUG_INFORMATION_FORMAT = dwarf;
				ENABLE_STRICT_OBJC_MSGSEND = YES;
				ENABLE_TESTABILITY = YES;
				ENABLE_USER_SCRIPT_SANDBOXING = YES;
				GCC_C_LANGUAGE_STANDARD = gnu17;
				GCC_DYNAMIC_NO_PIC = NO;
				GCC_NO_COMMON_BLOCKS = YES;
				GCC_OPTIMIZATION_LEVEL = 0;
				GCC_PREPROCESSOR_DEFINITIONS = (
					"DEBUG=1",
					"$(inherited)",
				);
				GCC_WARN_64_TO_32_BIT_CONVERSION = YES;
				GCC_WARN_ABOUT_RETURN_TYPE = YES_ERROR;
				GCC_WARN_UNDECLARED_SELECTOR = YES;
				GCC_WARN_UNINITIALIZED_AUTOS = YES_AGGRESSIVE;
				GCC_WARN_UNUSED_FUNCTION = YES;
				GCC_WARN_UNUSED_VARIABLE = YES;
				LOCALIZATION_PREFERS_STRING_CATALOGS = YES;
				MACOSX_DEPLOYMENT_TARGET = 14.4;
				MTL_ENABLE_DEBUG_INFO = INCLUDE_SOURCE;
				MTL_FAST_MATH = YES;
				ONLY_ACTIVE_ARCH = YES;
				SDKROOT = macosx;
				SWIFT_ACTIVE_COMPILATION_CONDITIONS = "DEBUG $(inherited)";
				SWIFT_OPTIMIZATION_LEVEL = "-Onone";
			};
			name = Debug;
		};
		E11B45A82CEE8D56006B0594 /* Release */ = {
			isa = XCBuildConfiguration;
			buildSettings = {
				ALWAYS_SEARCH_USER_PATHS = NO;
				ASSETCATALOG_COMPILER_GENERATE_SWIFT_ASSET_SYMBOL_EXTENSIONS = YES;
				CLANG_ANALYZER_NONNULL = YES;
				CLANG_ANALYZER_NUMBER_OBJECT_CONVERSION = YES_AGGRESSIVE;
				CLANG_CXX_LANGUAGE_STANDARD = "gnu++20";
				CLANG_ENABLE_MODULES = YES;
				CLANG_ENABLE_OBJC_ARC = YES;
				CLANG_ENABLE_OBJC_WEAK = YES;
				CLANG_WARN_BLOCK_CAPTURE_AUTORELEASING = YES;
				CLANG_WARN_BOOL_CONVERSION = YES;
				CLANG_WARN_COMMA = YES;
				CLANG_WARN_CONSTANT_CONVERSION = YES;
				CLANG_WARN_DEPRECATED_OBJC_IMPLEMENTATIONS = YES;
				CLANG_WARN_DIRECT_OBJC_ISA_USAGE = YES_ERROR;
				CLANG_WARN_DOCUMENTATION_COMMENTS = YES;
				CLANG_WARN_EMPTY_BODY = YES;
				CLANG_WARN_ENUM_CONVERSION = YES;
				CLANG_WARN_INFINITE_RECURSION = YES;
				CLANG_WARN_INT_CONVERSION = YES;
				CLANG_WARN_NON_LITERAL_NULL_CONVERSION = YES;
				CLANG_WARN_OBJC_IMPLICIT_RETAIN_SELF = YES;
				CLANG_WARN_OBJC_LITERAL_CONVERSION = YES;
				CLANG_WARN_OBJC_ROOT_CLASS = YES_ERROR;
				CLANG_WARN_QUOTED_INCLUDE_IN_FRAMEWORK_HEADER = YES;
				CLANG_WARN_RANGE_LOOP_ANALYSIS = YES;
				CLANG_WARN_STRICT_PROTOTYPES = YES;
				CLANG_WARN_SUSPICIOUS_MOVE = YES;
				CLANG_WARN_UNGUARDED_AVAILABILITY = YES_AGGRESSIVE;
				CLANG_WARN_UNREACHABLE_CODE = YES;
				CLANG_WARN__DUPLICATE_METHOD_MATCH = YES;
				COPY_PHASE_STRIP = NO;
				DEAD_CODE_STRIPPING = YES;
				DEBUG_INFORMATION_FORMAT = "dwarf-with-dsym";
				ENABLE_NS_ASSERTIONS = NO;
				ENABLE_STRICT_OBJC_MSGSEND = YES;
				ENABLE_USER_SCRIPT_SANDBOXING = YES;
				GCC_C_LANGUAGE_STANDARD = gnu17;
				GCC_NO_COMMON_BLOCKS = YES;
				GCC_WARN_64_TO_32_BIT_CONVERSION = YES;
				GCC_WARN_ABOUT_RETURN_TYPE = YES_ERROR;
				GCC_WARN_UNDECLARED_SELECTOR = YES;
				GCC_WARN_UNINITIALIZED_AUTOS = YES_AGGRESSIVE;
				GCC_WARN_UNUSED_FUNCTION = YES;
				GCC_WARN_UNUSED_VARIABLE = YES;
				LOCALIZATION_PREFERS_STRING_CATALOGS = YES;
				MACOSX_DEPLOYMENT_TARGET = 14.4;
				MTL_ENABLE_DEBUG_INFO = NO;
				MTL_FAST_MATH = YES;
				SDKROOT = macosx;
				SWIFT_COMPILATION_MODE = wholemodule;
			};
			name = Release;
		};
		E11B45AA2CEE8D56006B0594 /* Debug */ = {
			isa = XCBuildConfiguration;
			buildSettings = {
				ASSETCATALOG_COMPILER_APPICON_NAME = AppIcon;
				ASSETCATALOG_COMPILER_GLOBAL_ACCENT_COLOR_NAME = AccentColor;
				CODE_SIGN_ENTITLEMENTS = BTCMonteCarlo/BTCMonteCarlo.entitlements;
				CODE_SIGN_STYLE = Automatic;
				COMBINE_HIDPI_IMAGES = YES;
				CURRENT_PROJECT_VERSION = 1;
				DEAD_CODE_STRIPPING = YES;
				DEVELOPMENT_ASSET_PATHS = "\"BTCMonteCarlo/Preview Content\"";
				DEVELOPMENT_TEAM = 92HEPEJ42Z;
				ENABLE_HARDENED_RUNTIME = YES;
				ENABLE_PREVIEWS = YES;
				GENERATE_INFOPLIST_FILE = YES;
				INFOPLIST_KEY_NSHumanReadableCopyright = "";
				LD_RUNPATH_SEARCH_PATHS = (
					"$(inherited)",
					"@executable_path/../Frameworks",
				);
				MARKETING_VERSION = 1.0;
				PRODUCT_BUNDLE_IDENTIFIER = "Conor-Nolan.BTCMoteCarlo";
				PRODUCT_NAME = "$(TARGET_NAME)";
				SWIFT_EMIT_LOC_STRINGS = YES;
				SWIFT_VERSION = 5.0;
			};
			name = Debug;
		};
		E11B45AB2CEE8D56006B0594 /* Release */ = {
			isa = XCBuildConfiguration;
			buildSettings = {
				ASSETCATALOG_COMPILER_APPICON_NAME = AppIcon;
				ASSETCATALOG_COMPILER_GLOBAL_ACCENT_COLOR_NAME = AccentColor;
				CODE_SIGN_ENTITLEMENTS = BTCMonteCarlo/BTCMonteCarlo.entitlements;
				CODE_SIGN_STYLE = Automatic;
				COMBINE_HIDPI_IMAGES = YES;
				CURRENT_PROJECT_VERSION = 1;
				DEAD_CODE_STRIPPING = YES;
				DEVELOPMENT_ASSET_PATHS = "\"BTCMonteCarlo/Preview Content\"";
				DEVELOPMENT_TEAM = 92HEPEJ42Z;
				ENABLE_HARDENED_RUNTIME = YES;
				ENABLE_PREVIEWS = YES;
				GENERATE_INFOPLIST_FILE = YES;
				INFOPLIST_KEY_NSHumanReadableCopyright = "";
				LD_RUNPATH_SEARCH_PATHS = (
					"$(inherited)",
					"@executable_path/../Frameworks",
				);
				MARKETING_VERSION = 1.0;
				PRODUCT_BUNDLE_IDENTIFIER = "Conor-Nolan.BTCMoteCarlo";
				PRODUCT_NAME = "$(TARGET_NAME)";
				SWIFT_EMIT_LOC_STRINGS = YES;
				SWIFT_VERSION = 5.0;
			};
			name = Release;
		};
		E12CCD932CF823610059931D /* Debug */ = {
			isa = XCBuildConfiguration;
			buildSettings = {
				ASSETCATALOG_COMPILER_APPICON_NAME = AppIcon;
				ASSETCATALOG_COMPILER_GLOBAL_ACCENT_COLOR_NAME = AccentColor;
				CODE_SIGN_IDENTITY = "Apple Development";
				CODE_SIGN_STYLE = Automatic;
				CURRENT_PROJECT_VERSION = 3;
				DEVELOPMENT_ASSET_PATHS = "\"BTC Simulator/Preview Content\"";
				DEVELOPMENT_TEAM = 92HEPEJ42Z;
				ENABLE_PREVIEWS = YES;
				GENERATE_INFOPLIST_FILE = YES;
				INFOPLIST_KEY_CFBundleDisplayName = "Bitcoin Sim";
				INFOPLIST_KEY_UIApplicationSceneManifest_Generation = YES;
				INFOPLIST_KEY_UIApplicationSupportsIndirectInputEvents = YES;
				INFOPLIST_KEY_UILaunchScreen_Generation = YES;
				INFOPLIST_KEY_UISupportedInterfaceOrientations = "UIInterfaceOrientationLandscapeLeft UIInterfaceOrientationLandscapeRight UIInterfaceOrientationPortrait";
				INFOPLIST_KEY_UISupportedInterfaceOrientations_iPad = "UIInterfaceOrientationLandscapeLeft UIInterfaceOrientationLandscapeRight UIInterfaceOrientationPortrait UIInterfaceOrientationPortraitUpsideDown";
				IPHONEOS_DEPLOYMENT_TARGET = 18.0;
				LD_RUNPATH_SEARCH_PATHS = (
					"$(inherited)",
					"@executable_path/Frameworks",
				);
				MARKETING_VERSION = 1.0;
				PRODUCT_BUNDLE_IDENTIFIER = com.CONORNolan.BTCSimulator;
				PRODUCT_NAME = "Bitcoin HODL Simulator";
				PROVISIONING_PROFILE_SPECIFIER = "";
				SDKROOT = iphoneos;
				SWIFT_EMIT_LOC_STRINGS = YES;
				SWIFT_OPTIMIZATION_LEVEL = "-Onone";
				SWIFT_VERSION = 5.0;
				TARGETED_DEVICE_FAMILY = "1,2";
			};
			name = Debug;
		};
		E12CCD942CF823610059931D /* Release */ = {
			isa = XCBuildConfiguration;
			buildSettings = {
				ASSETCATALOG_COMPILER_APPICON_NAME = AppIcon;
				ASSETCATALOG_COMPILER_GLOBAL_ACCENT_COLOR_NAME = AccentColor;
				CODE_SIGN_IDENTITY = "Apple Development";
				CODE_SIGN_STYLE = Automatic;
				CURRENT_PROJECT_VERSION = 3;
				DEVELOPMENT_ASSET_PATHS = "\"BTC Simulator/Preview Content\"";
				DEVELOPMENT_TEAM = 92HEPEJ42Z;
				ENABLE_PREVIEWS = YES;
				GENERATE_INFOPLIST_FILE = YES;
				INFOPLIST_KEY_CFBundleDisplayName = "Bitcoin Sim";
				INFOPLIST_KEY_UIApplicationSceneManifest_Generation = YES;
				INFOPLIST_KEY_UIApplicationSupportsIndirectInputEvents = YES;
				INFOPLIST_KEY_UILaunchScreen_Generation = YES;
				INFOPLIST_KEY_UISupportedInterfaceOrientations = "UIInterfaceOrientationLandscapeLeft UIInterfaceOrientationLandscapeRight UIInterfaceOrientationPortrait";
				INFOPLIST_KEY_UISupportedInterfaceOrientations_iPad = "UIInterfaceOrientationLandscapeLeft UIInterfaceOrientationLandscapeRight UIInterfaceOrientationPortrait UIInterfaceOrientationPortraitUpsideDown";
				IPHONEOS_DEPLOYMENT_TARGET = 18.0;
				LD_RUNPATH_SEARCH_PATHS = (
					"$(inherited)",
					"@executable_path/Frameworks",
				);
				MARKETING_VERSION = 1.0;
				PRODUCT_BUNDLE_IDENTIFIER = com.example.BTCSimulator;
				PRODUCT_NAME = "Bitcoin HODL Simulator";
				PROVISIONING_PROFILE_SPECIFIER = "";
				SDKROOT = iphoneos;
				SWIFT_EMIT_LOC_STRINGS = YES;
				SWIFT_OPTIMIZATION_LEVEL = "-O";
				SWIFT_VERSION = 5.0;
				TARGETED_DEVICE_FAMILY = "1,2";
				VALIDATE_PRODUCT = YES;
			};
			name = Release;
		};
/* End XCBuildConfiguration section */

/* Begin XCConfigurationList section */
		E11B45952CEE8D53006B0594 /* Build configuration list for PBXProject "BTCMonteCarlo" */ = {
			isa = XCConfigurationList;
			buildConfigurations = (
				E11B45A72CEE8D56006B0594 /* Debug */,
				E11B45A82CEE8D56006B0594 /* Release */,
			);
			defaultConfigurationIsVisible = 0;
			defaultConfigurationName = Release;
		};
		E11B45A92CEE8D56006B0594 /* Build configuration list for PBXNativeTarget "BTCMonteCarlo" */ = {
			isa = XCConfigurationList;
			buildConfigurations = (
				E11B45AA2CEE8D56006B0594 /* Debug */,
				E11B45AB2CEE8D56006B0594 /* Release */,
			);
			defaultConfigurationIsVisible = 0;
			defaultConfigurationName = Release;
		};
		E12CCD952CF823610059931D /* Build configuration list for PBXNativeTarget "BTC Simulator" */ = {
			isa = XCConfigurationList;
			buildConfigurations = (
				E12CCD932CF823610059931D /* Debug */,
				E12CCD942CF823610059931D /* Release */,
			);
			defaultConfigurationIsVisible = 0;
			defaultConfigurationName = Release;
		};
/* End XCConfigurationList section */

/* Begin XCRemoteSwiftPackageReference section */
		E17A48022CF17A0300AAC885 /* XCRemoteSwiftPackageReference "swiftplot" */ = {
			isa = XCRemoteSwiftPackageReference;
			repositoryURL = "https://github.com/KarthikRIyer/swiftplot";
			requirement = {
				kind = upToNextMajorVersion;
				minimumVersion = 2.0.0;
			};
		};
		E17DDF9A2D1BD13E008700A8 /* XCRemoteSwiftPackageReference "PocketSVG" */ = {
			isa = XCRemoteSwiftPackageReference;
			repositoryURL = "https://github.com/pocketsvg/PocketSVG";
			requirement = {
				kind = upToNextMajorVersion;
				minimumVersion = 2.7.3;
			};
		};
/* End XCRemoteSwiftPackageReference section */

/* Begin XCSwiftPackageProductDependency section */
		E17DDF9B2D1BD13E008700A8 /* PocketSVG */ = {
			isa = XCSwiftPackageProductDependency;
			package = E17DDF9A2D1BD13E008700A8 /* XCRemoteSwiftPackageReference "PocketSVG" */;
			productName = PocketSVG;
		};
/* End XCSwiftPackageProductDependency section */
	};
	rootObject = E11B45922CEE8D53006B0594 /* Project object */;
}
